{
  "name": "uni-preset-vue",
  "version": "0.0.0",
  "lockfileVersion": 3,
  "requires": true,
  "packages": {
    "": {
      "name": "uni-preset-vue",
      "version": "0.0.0",
      "dependencies": {
        "@dcloudio/uni-app": "3.0.0-3081220230817001",
        "@dcloudio/uni-app-plus": "3.0.0-3081220230817001",
        "@dcloudio/uni-components": "3.0.0-3081220230817001",
        "@dcloudio/uni-h5": "3.0.0-3081220230817001",
        "@dcloudio/uni-mp-alipay": "3.0.0-3081220230817001",
        "@dcloudio/uni-mp-kuaishou": "3.0.0-3081220230817001",
        "@dcloudio/uni-mp-lark": "3.0.0-3081220230817001",
        "@dcloudio/uni-mp-qq": "3.0.0-3081220230817001",
        "@dcloudio/uni-mp-toutiao": "3.0.0-3081220230817001",
        "@dcloudio/uni-mp-weixin": "3.0.0-3081220230817001",
        "@dcloudio/uni-quickapp-webview": "3.0.0-3081220230817001",
        "vue": "^3.2.45",
        "vue-i18n": "^9.1.9"
      },
      "devDependencies": {
        "@dcloudio/types": "^3.3.2",
        "@dcloudio/uni-automator": "3.0.0-3081220230817001",
        "@dcloudio/uni-cli-shared": "3.0.0-3081220230817001",
        "@dcloudio/uni-stacktracey": "3.0.0-3081220230817001",
        "@dcloudio/vite-plugin-uni": "3.0.0-3081220230817001",
        "@vue/runtime-core": "^3.2.45",
        "@vue/tsconfig": "^0.1.3",
        "typescript": "^4.9.4",
        "vite": "4.1.4",
        "vue-tsc": "^1.0.24"
      }
    },
    "../node_modules/.pnpm/@dcloudio+types@3.4.7/node_modules/@dcloudio/types": {
      "version": "3.4.7",
      "dev": true,
      "license": "Apache-2.0",
      "devDependencies": {
        "@definitelytyped/dtslint": "^0.0.115",
        "miniprogram-api-typings": "3.7.1",
        "ts-morph": "^17.0.1",
        "tslint": "^5.14.0",
        "typescript": "5.0.4",
        "vue": "2.6"
      }
    },
    "../node_modules/.pnpm/@dcloudio+uni-app-plus@3.0.0-3081220230817001_postcss@8.4.33_vite@4.1.4_vue@3.4.15/node_modules/@dcloudio/uni-app-plus": {
      "version": "3.0.0-3081220230817001",
      "license": "Apache-2.0",
      "dependencies": {
        "@dcloudio/uni-app-uts": "3.0.0-3081220230817001",
        "@dcloudio/uni-app-vite": "3.0.0-3081220230817001",
        "@dcloudio/uni-app-vue": "3.0.0-3081220230817001",
        "debug": "^4.3.3",
        "fs-extra": "^10.0.0",
        "licia": "^1.29.0",
        "postcss-selector-parser": "^6.0.6"
      },
      "devDependencies": {
        "@dcloudio/uni-cli-shared": "3.0.0-3081220230817001",
        "@dcloudio/uni-components": "3.0.0-3081220230817001",
        "@dcloudio/uni-h5": "3.0.0-3081220230817001",
        "@dcloudio/uni-i18n": "3.0.0-3081220230817001",
        "@dcloudio/uni-shared": "3.0.0-3081220230817001",
        "@types/pako": "1.0.2",
        "@vue/compiler-sfc": "3.2.47",
        "autoprefixer": "^10.4.14",
        "pako": "^1.0.11",
        "postcss": "^8.4.21",
        "vue": "3.2.47"
      }
    },
    "../node_modules/.pnpm/@dcloudio+uni-app@3.0.0-3081220230817001_@dcloudio+types@3.4.7_postcss@8.4.33_vue@3.4.15/node_modules/@dcloudio/uni-app": {
      "version": "3.0.0-3081220230817001",
      "license": "Apache-2.0",
      "dependencies": {
        "@dcloudio/uni-cloud": "3.0.0-3081220230817001",
        "@dcloudio/uni-components": "3.0.0-3081220230817001",
        "@dcloudio/uni-i18n": "3.0.0-3081220230817001",
        "@dcloudio/uni-push": "3.0.0-3081220230817001",
        "@dcloudio/uni-shared": "3.0.0-3081220230817001",
        "@dcloudio/uni-stat": "3.0.0-3081220230817001",
        "@vue/shared": "3.2.47"
      },
      "peerDependencies": {
        "@dcloudio/types": "^3.3.2"
      }
    },
    "../node_modules/.pnpm/@dcloudio+uni-automator@3.0.0-3081220230817001_jest-environment-node@27.5.1_jest@27.0.4_postcss@8.4.33_vue@3.4.15/node_modules/@dcloudio/uni-automator": {
      "version": "3.0.0-3081220230817001",
      "dev": true,
      "license": "Apache-2.0",
      "dependencies": {
        "@dcloudio/uni-cli-shared": "3.0.0-3081220230817001",
        "address": "^1.1.2",
        "cross-env": "^7.0.3",
        "debug": "^4.3.3",
        "default-gateway": "^6.0.3",
        "fs-extra": "^10.0.0",
        "jsonc-parser": "^3.2.0",
        "licia": "^1.29.0",
        "qrcode-reader": "^1.0.4",
        "qrcode-terminal": "^0.12.0",
        "ws": "^8.4.2"
      },
      "devDependencies": {
        "@types/debug": "^4.1.7",
        "@types/fs-extra": "^9.0.13"
      },
      "peerDependencies": {
        "jest": "27.0.4",
        "jest-environment-node": "27.5.1"
      }
    },
    "../node_modules/.pnpm/@dcloudio+uni-cli-shared@3.0.0-3081220230817001_postcss@8.4.33_vue@3.4.15/node_modules/@dcloudio/uni-cli-shared": {
      "version": "3.0.0-3081220230817001",
      "dev": true,
      "license": "Apache-2.0",
      "dependencies": {
        "@ampproject/remapping": "^2.1.2",
        "@babel/core": "^7.21.3",
        "@babel/parser": "^7.16.4",
        "@babel/types": "^7.20.7",
        "@dcloudio/uni-i18n": "3.0.0-3081220230817001",
        "@dcloudio/uni-shared": "3.0.0-3081220230817001",
        "@intlify/core-base": "9.1.9",
        "@intlify/shared": "9.1.9",
        "@intlify/vue-devtools": "9.1.9",
        "@rollup/pluginutils": "^4.2.0",
        "@vue/compiler-core": "3.2.47",
        "@vue/compiler-dom": "3.2.47",
        "@vue/compiler-sfc": "3.2.47",
        "@vue/server-renderer": "3.2.47",
        "@vue/shared": "3.2.47",
        "autoprefixer": "^10.4.14",
        "base64url": "^3.0.1",
        "chokidar": "^3.5.3",
        "compare-versions": "^3.6.0",
        "debug": "^4.3.3",
        "es-module-lexer": "^1.2.1",
        "esbuild": "^0.17.5",
        "estree-walker": "^2.0.2",
        "fast-glob": "^3.2.11",
        "fs-extra": "^10.0.0",
        "hash-sum": "^2.0.0",
        "jsonc-parser": "^3.0.0",
        "magic-string": "^0.30.0",
        "merge": "^2.1.1",
        "mime": "^3.0.0",
        "module-alias": "^2.2.2",
        "os-locale-s-fix": "^1.0.8-fix-1",
        "picocolors": "^1.0.0",
        "postcss-import": "^14.0.2",
        "postcss-load-config": "^3.1.1",
        "postcss-modules": "^4.3.0",
        "postcss-selector-parser": "^6.0.6",
        "resolve": "^1.22.1",
        "tapable": "^2.2.0",
        "xregexp": "3.1.0"
      },
      "devDependencies": {
        "@dcloudio/uni-uts-v1": "3.0.0-3081220230817001",
        "@types/babel__core": "^7.1.19",
        "@types/debug": "^4.1.7",
        "@types/estree": "^0.0.51",
        "@types/fs-extra": "^9.0.13",
        "@types/hash-sum": "^1.0.0",
        "@types/less": "^3.0.3",
        "@types/mime": "^2.0.3",
        "@types/module-alias": "^2.0.1",
        "@types/resolve": "^1.20.2",
        "@types/sass": "^1.43.1",
        "@types/stylus": "^0.48.36",
        "postcss": "^8.4.21",
        "vue": "3.2.47"
      },
      "engines": {
        "node": "^14.18.0 || >=16.0.0"
      }
    },
    "../node_modules/.pnpm/@dcloudio+uni-components@3.0.0-3081220230817001_postcss@8.4.33_vue@3.4.15/node_modules/@dcloudio/uni-components": {
      "version": "3.0.0-3081220230817001",
      "license": "Apache-2.0",
      "dependencies": {
        "@dcloudio/uni-cloud": "3.0.0-3081220230817001",
        "@dcloudio/uni-h5": "3.0.0-3081220230817001",
        "@dcloudio/uni-i18n": "3.0.0-3081220230817001"
      },
      "devDependencies": {
        "@dcloudio/uni-shared": "3.0.0-3081220230817001",
        "@types/quill": "1.3.10"
      }
    },
    "../node_modules/.pnpm/@dcloudio+uni-h5@3.0.0-3081220230817001_postcss@8.4.33_vue@3.4.15/node_modules/@dcloudio/uni-h5": {
      "version": "3.0.0-3081220230817001",
      "license": "Apache-2.0",
      "dependencies": {
        "@dcloudio/uni-h5-vite": "3.0.0-3081220230817001",
        "@dcloudio/uni-h5-vue": "3.0.0-3081220230817001",
        "@dcloudio/uni-i18n": "3.0.0-3081220230817001",
        "@dcloudio/uni-shared": "3.0.0-3081220230817001",
        "@vue/server-renderer": "3.2.47",
        "@vue/shared": "3.2.47",
        "debug": "^4.3.3",
        "localstorage-polyfill": "^1.0.1",
        "postcss-selector-parser": "^6.0.6",
        "safe-area-insets": "^1.4.1",
        "vue-router": "^4.1.6",
        "xmlhttprequest": "^1.8.0"
      },
      "devDependencies": {
        "@amap/amap-jsapi-types": "^0.0.8",
        "@dcloudio/uni-cli-shared": "3.0.0-3081220230817001",
        "@types/estree": "^0.0.51",
        "@types/google.maps": "^3.45.6",
        "acorn-loose": "^8.2.1",
        "acorn-walk": "^8.2.0",
        "estree-walker": "^2.0.2",
        "vue": "3.2.47"
      }
    },
    "../node_modules/.pnpm/@dcloudio+uni-mp-alipay@3.0.0-3081220230817001_postcss@8.4.33_vue@3.4.15/node_modules/@dcloudio/uni-mp-alipay": {
      "version": "3.0.0-3081220230817001",
      "license": "Apache-2.0",
      "dependencies": {
        "@dcloudio/uni-cli-shared": "3.0.0-3081220230817001",
        "@dcloudio/uni-mp-vite": "3.0.0-3081220230817001",
        "@dcloudio/uni-mp-vue": "3.0.0-3081220230817001",
        "@dcloudio/uni-shared": "3.0.0-3081220230817001",
        "@vue/compiler-core": "3.2.47",
        "@vue/shared": "3.2.47"
      }
    },
    "../node_modules/.pnpm/@dcloudio+uni-mp-baidu@3.0.0-3081220230817001_postcss@8.4.33_vue@3.4.15/node_modules/@dcloudio/uni-mp-baidu": {
      "version": "3.0.0-3081220230817001",
      "extraneous": true,
      "license": "Apache-2.0",
      "dependencies": {
        "@dcloudio/uni-cli-shared": "3.0.0-3081220230817001",
        "@dcloudio/uni-mp-compiler": "3.0.0-3081220230817001",
        "@dcloudio/uni-mp-vite": "3.0.0-3081220230817001",
        "@dcloudio/uni-mp-vue": "3.0.0-3081220230817001",
        "@dcloudio/uni-mp-weixin": "3.0.0-3081220230817001",
        "@dcloudio/uni-shared": "3.0.0-3081220230817001",
        "@vue/compiler-core": "3.2.47",
        "@vue/shared": "3.2.47",
        "jimp": "^0.10.1",
        "licia": "^1.29.0",
        "qrcode-reader": "^1.0.4",
        "qrcode-terminal": "^0.12.0",
        "ws": "^8.4.2"
      }
    },
    "../node_modules/.pnpm/@dcloudio+uni-mp-jd@3.0.0-3081220230817001_postcss@8.4.33_vue@3.4.15/node_modules/@dcloudio/uni-mp-jd": {
      "version": "3.0.0-3081220230817001",
      "extraneous": true,
      "license": "Apache-2.0",
      "dependencies": {
        "@dcloudio/uni-cli-shared": "3.0.0-3081220230817001",
        "@dcloudio/uni-mp-compiler": "3.0.0-3081220230817001",
        "@dcloudio/uni-mp-vite": "3.0.0-3081220230817001",
        "@dcloudio/uni-mp-vue": "3.0.0-3081220230817001",
        "@dcloudio/uni-shared": "3.0.0-3081220230817001",
        "@vue/shared": "3.2.47"
      },
      "devDependencies": {
        "@dcloudio/uni-mp-weixin": "3.0.0-3081220230817001",
        "@vue/compiler-core": "3.2.47"
      }
    },
    "../node_modules/.pnpm/@dcloudio+uni-mp-kuaishou@3.0.0-3081220230817001_postcss@8.4.33_vue@3.4.15/node_modules/@dcloudio/uni-mp-kuaishou": {
      "version": "3.0.0-3081220230817001",
      "license": "Apache-2.0",
      "dependencies": {
        "@dcloudio/uni-cli-shared": "3.0.0-3081220230817001",
        "@dcloudio/uni-mp-compiler": "3.0.0-3081220230817001",
        "@dcloudio/uni-mp-vite": "3.0.0-3081220230817001",
        "@dcloudio/uni-mp-vue": "3.0.0-3081220230817001",
        "@dcloudio/uni-mp-weixin": "3.0.0-3081220230817001",
        "@dcloudio/uni-shared": "3.0.0-3081220230817001",
        "@vue/compiler-core": "3.2.47",
        "@vue/shared": "3.2.47"
      }
    },
    "../node_modules/.pnpm/@dcloudio+uni-mp-lark@3.0.0-3081220230817001_postcss@8.4.33_vue@3.4.15/node_modules/@dcloudio/uni-mp-lark": {
      "version": "3.0.0-3081220230817001",
      "license": "Apache-2.0",
      "dependencies": {
        "@dcloudio/uni-cli-shared": "3.0.0-3081220230817001",
        "@dcloudio/uni-mp-compiler": "3.0.0-3081220230817001",
        "@dcloudio/uni-mp-toutiao": "3.0.0-3081220230817001",
        "@dcloudio/uni-mp-vite": "3.0.0-3081220230817001",
        "@dcloudio/uni-mp-vue": "3.0.0-3081220230817001",
        "@dcloudio/uni-shared": "3.0.0-3081220230817001",
        "@vue/compiler-core": "3.2.47",
        "@vue/shared": "3.2.47"
      }
    },
    "../node_modules/.pnpm/@dcloudio+uni-mp-qq@3.0.0-3081220230817001_postcss@8.4.33_vue@3.4.15/node_modules/@dcloudio/uni-mp-qq": {
      "version": "3.0.0-3081220230817001",
      "license": "Apache-2.0",
      "dependencies": {
        "@dcloudio/uni-cli-shared": "3.0.0-3081220230817001",
        "@dcloudio/uni-mp-vite": "3.0.0-3081220230817001",
        "@dcloudio/uni-mp-vue": "3.0.0-3081220230817001",
        "@dcloudio/uni-shared": "3.0.0-3081220230817001",
        "@vue/shared": "3.2.47",
        "fs-extra": "^10.0.0"
      },
      "devDependencies": {
        "@dcloudio/uni-mp-weixin": "3.0.0-3081220230817001",
        "@types/fs-extra": "^9.0.13",
        "@vue/compiler-core": "3.2.47"
      }
    },
    "../node_modules/.pnpm/@dcloudio+uni-mp-toutiao@3.0.0-3081220230817001_postcss@8.4.33_vue@3.4.15/node_modules/@dcloudio/uni-mp-toutiao": {
      "version": "3.0.0-3081220230817001",
      "license": "Apache-2.0",
      "dependencies": {
        "@dcloudio/uni-cli-shared": "3.0.0-3081220230817001",
        "@dcloudio/uni-mp-compiler": "3.0.0-3081220230817001",
        "@dcloudio/uni-mp-vite": "3.0.0-3081220230817001",
        "@dcloudio/uni-mp-vue": "3.0.0-3081220230817001",
        "@dcloudio/uni-shared": "3.0.0-3081220230817001",
        "@vue/compiler-core": "3.2.47",
        "@vue/shared": "3.2.47"
      }
    },
    "../node_modules/.pnpm/@dcloudio+uni-mp-weixin@3.0.0-3081220230817001_postcss@8.4.33_vue@3.4.15/node_modules/@dcloudio/uni-mp-weixin": {
      "version": "3.0.0-3081220230817001",
      "license": "Apache-2.0",
      "dependencies": {
        "@dcloudio/uni-cli-shared": "3.0.0-3081220230817001",
        "@dcloudio/uni-mp-vite": "3.0.0-3081220230817001",
        "@dcloudio/uni-mp-vue": "3.0.0-3081220230817001",
        "@dcloudio/uni-shared": "3.0.0-3081220230817001",
        "@vue/shared": "3.2.47",
        "jimp": "^0.10.1",
        "licia": "^1.29.0",
        "qrcode-reader": "^1.0.4",
        "qrcode-terminal": "^0.12.0",
        "ws": "^8.4.2"
      },
      "devDependencies": {
        "@vue/compiler-core": "3.2.47"
      }
    },
    "../node_modules/.pnpm/@dcloudio+uni-quickapp-webview@3.0.0-3081220230817001_postcss@8.4.33_vue@3.4.15/node_modules/@dcloudio/uni-quickapp-webview": {
      "version": "3.0.0-3081220230817001",
      "license": "Apache-2.0",
      "dependencies": {
        "@dcloudio/uni-cli-shared": "3.0.0-3081220230817001",
        "@dcloudio/uni-mp-vite": "3.0.0-3081220230817001",
        "@dcloudio/uni-mp-vue": "3.0.0-3081220230817001",
        "@dcloudio/uni-shared": "3.0.0-3081220230817001",
        "@vue/shared": "3.2.47"
      },
      "devDependencies": {
        "@dcloudio/uni-mp-compiler": "3.0.0-3081220230817001"
      }
    },
    "../node_modules/.pnpm/@dcloudio+uni-stacktracey@3.0.0-3081220230817001/node_modules/@dcloudio/uni-stacktracey": {
      "version": "3.0.0-3081220230817001",
      "dev": true,
      "license": "Apache-2.0",
      "devDependencies": {
        "@dcloudio/types": "^2.6.12"
      }
    },
    "../node_modules/.pnpm/@dcloudio+vite-plugin-uni@3.0.0-3081220230817001_postcss@8.4.33_vite@4.1.4_vue@3.4.15/node_modules/@dcloudio/vite-plugin-uni": {
      "version": "3.0.0-3081220230817001",
      "dev": true,
      "license": "Apache-2.0",
      "dependencies": {
        "@babel/core": "^7.21.3",
        "@babel/plugin-syntax-import-meta": "^7.10.4",
        "@babel/plugin-transform-typescript": "^7.20.7",
        "@dcloudio/uni-cli-shared": "3.0.0-3081220230817001",
        "@dcloudio/uni-shared": "3.0.0-3081220230817001",
        "@rollup/pluginutils": "^4.2.0",
        "@vitejs/plugin-legacy": "^4.0.3",
        "@vitejs/plugin-vue": "^4.2.1",
        "@vitejs/plugin-vue-jsx": "^3.0.1",
        "@vue/compiler-core": "3.2.47",
        "@vue/compiler-dom": "3.2.47",
        "@vue/compiler-sfc": "3.2.47",
        "@vue/shared": "3.2.47",
        "cac": "6.7.9",
        "debug": "^4.3.3",
        "estree-walker": "^2.0.2",
        "express": "^4.17.1",
        "fast-glob": "^3.2.11",
        "fs-extra": "^10.0.0",
        "hash-sum": "^2.0.0",
        "jsonc-parser": "^3.0.0",
        "magic-string": "^0.30.0",
        "picocolors": "^1.0.0",
        "terser": "^5.4.0"
      },
      "bin": {
        "uni": "bin/uni.js"
      },
      "devDependencies": {
        "@types/debug": "^4.1.7",
        "@types/estree": "^0.0.51",
        "@types/express": "^4.17.12",
        "@types/fs-extra": "^9.0.13",
        "@types/sass": "^1.16.0",
        "@vue/babel-plugin-jsx": "^1.1.1",
        "chokidar": "^3.5.3",
        "vite": "^4.0.0",
        "vue": "3.2.47"
      },
      "engines": {
        "node": "^14.18.0 || >=16.0.0"
      },
      "peerDependencies": {
        "vite": "^4.0.0"
      }
    },
    "../node_modules/.pnpm/@vue+runtime-core@3.4.15/node_modules/@vue/runtime-core": {
      "version": "3.4.15",
      "dev": true,
      "license": "MIT",
      "dependencies": {
        "@vue/reactivity": "3.4.15",
        "@vue/shared": "3.4.15"
      }
    },
    "../node_modules/.pnpm/@vue+tsconfig@0.1.3_@types+node@20.11.5/node_modules/@vue/tsconfig": {
      "version": "0.1.3",
      "dev": true,
      "license": "MIT",
      "peerDependencies": {
        "@types/node": "*"
      },
      "peerDependenciesMeta": {
        "@types/node": {
          "optional": true
        }
      }
    },
    "../node_modules/.pnpm/typescript@4.9.5/node_modules/typescript": {
      "version": "4.9.5",
      "dev": true,
      "license": "Apache-2.0",
      "bin": {
        "tsc": "bin/tsc",
        "tsserver": "bin/tsserver"
      },
      "devDependencies": {
        "@octokit/rest": "latest",
        "@types/chai": "latest",
        "@types/fancy-log": "^2.0.0",
        "@types/fs-extra": "^9.0.13",
        "@types/glob": "latest",
        "@types/gulp": "^4.0.9",
        "@types/gulp-concat": "latest",
        "@types/gulp-newer": "latest",
        "@types/gulp-rename": "latest",
        "@types/gulp-sourcemaps": "latest",
        "@types/merge2": "latest",
        "@types/microsoft__typescript-etw": "latest",
        "@types/minimist": "latest",
        "@types/mkdirp": "latest",
        "@types/mocha": "latest",
        "@types/ms": "latest",
        "@types/node": "latest",
        "@types/source-map-support": "latest",
        "@types/which": "^2.0.1",
        "@types/xml2js": "^0.4.11",
        "@typescript-eslint/eslint-plugin": "^5.33.1",
        "@typescript-eslint/parser": "^5.33.1",
        "@typescript-eslint/utils": "^5.33.1",
        "azure-devops-node-api": "^11.2.0",
        "chai": "latest",
        "chalk": "^4.1.2",
        "del": "^6.1.1",
        "diff": "^5.1.0",
        "eslint": "^8.22.0",
        "eslint-formatter-autolinkable-stylish": "^1.2.0",
        "eslint-plugin-import": "^2.26.0",
        "eslint-plugin-jsdoc": "^39.3.6",
        "eslint-plugin-local": "^1.0.0",
        "eslint-plugin-no-null": "^1.0.2",
        "fancy-log": "latest",
        "fs-extra": "^9.1.0",
        "glob": "latest",
        "gulp": "^4.0.2",
        "gulp-concat": "latest",
        "gulp-insert": "latest",
        "gulp-newer": "latest",
        "gulp-rename": "latest",
        "gulp-sourcemaps": "latest",
        "merge2": "latest",
        "minimist": "latest",
        "mkdirp": "latest",
        "mocha": "latest",
        "mocha-fivemat-progress-reporter": "latest",
        "ms": "^2.1.3",
        "node-fetch": "^3.2.10",
        "source-map-support": "latest",
        "typescript": "^4.8.4",
        "vinyl": "latest",
        "which": "^2.0.2",
        "xml2js": "^0.4.23"
      },
      "engines": {
        "node": ">=4.2.0"
      }
    },
    "../node_modules/.pnpm/vue-i18n@9.9.0_vue@3.4.15/node_modules/vue-i18n": {
      "version": "9.9.0",
      "license": "MIT",
      "dependencies": {
        "@intlify/core-base": "9.9.0",
        "@intlify/shared": "9.9.0",
        "@vue/devtools-api": "^6.5.0"
      },
      "devDependencies": {
        "@intlify/devtools-if": "9.9.0",
        "@intlify/vue-devtools": "9.9.0"
      },
      "engines": {
        "node": ">= 16"
      },
      "funding": {
        "url": "https://github.com/sponsors/kazupon"
      },
      "peerDependencies": {
        "vue": "^3.0.0"
      }
    },
    "../node_modules/.pnpm/vue-tsc@1.8.27_typescript@4.9.5/node_modules/vue-tsc": {
      "version": "1.8.27",
      "dev": true,
      "license": "MIT",
      "dependencies": {
        "@volar/typescript": "~1.11.1",
        "@vue/language-core": "1.8.27",
        "semver": "^7.5.4"
      },
      "bin": {
        "vue-tsc": "bin/vue-tsc.js"
      },
      "devDependencies": {
        "@types/node": "latest"
      },
      "peerDependencies": {
        "typescript": "*"
      }
    },
    "../node_modules/.pnpm/vue@3.4.15_typescript@4.9.5/node_modules/vue": {
      "version": "3.4.15",
      "license": "MIT",
      "dependencies": {
        "@vue/compiler-dom": "3.4.15",
        "@vue/compiler-sfc": "3.4.15",
        "@vue/runtime-dom": "3.4.15",
        "@vue/server-renderer": "3.4.15",
        "@vue/shared": "3.4.15"
      },
      "peerDependencies": {
        "typescript": "*"
      },
      "peerDependenciesMeta": {
        "typescript": {
          "optional": true
        }
      }
    },
    "node_modules/@dcloudio/types": {
      "resolved": "../node_modules/.pnpm/@dcloudio+types@3.4.7/node_modules/@dcloudio/types",
      "link": true
    },
    "node_modules/@dcloudio/uni-app": {
      "resolved": "../node_modules/.pnpm/@dcloudio+uni-app@3.0.0-3081220230817001_@dcloudio+types@3.4.7_postcss@8.4.33_vue@3.4.15/node_modules/@dcloudio/uni-app",
      "link": true
    },
    "node_modules/@dcloudio/uni-app-plus": {
      "resolved": "../node_modules/.pnpm/@dcloudio+uni-app-plus@3.0.0-3081220230817001_postcss@8.4.33_vite@4.1.4_vue@3.4.15/node_modules/@dcloudio/uni-app-plus",
      "link": true
    },
    "node_modules/@dcloudio/uni-automator": {
      "resolved": "../node_modules/.pnpm/@dcloudio+uni-automator@3.0.0-3081220230817001_jest-environment-node@27.5.1_jest@27.0.4_postcss@8.4.33_vue@3.4.15/node_modules/@dcloudio/uni-automator",
      "link": true
    },
    "node_modules/@dcloudio/uni-cli-shared": {
      "resolved": "../node_modules/.pnpm/@dcloudio+uni-cli-shared@3.0.0-3081220230817001_postcss@8.4.33_vue@3.4.15/node_modules/@dcloudio/uni-cli-shared",
      "link": true
    },
    "node_modules/@dcloudio/uni-components": {
      "resolved": "../node_modules/.pnpm/@dcloudio+uni-components@3.0.0-3081220230817001_postcss@8.4.33_vue@3.4.15/node_modules/@dcloudio/uni-components",
      "link": true
    },
    "node_modules/@dcloudio/uni-h5": {
      "resolved": "../node_modules/.pnpm/@dcloudio+uni-h5@3.0.0-3081220230817001_postcss@8.4.33_vue@3.4.15/node_modules/@dcloudio/uni-h5",
      "link": true
    },
    "node_modules/@dcloudio/uni-mp-alipay": {
      "resolved": "../node_modules/.pnpm/@dcloudio+uni-mp-alipay@3.0.0-3081220230817001_postcss@8.4.33_vue@3.4.15/node_modules/@dcloudio/uni-mp-alipay",
      "link": true
    },
    "node_modules/@dcloudio/uni-mp-kuaishou": {
      "resolved": "../node_modules/.pnpm/@dcloudio+uni-mp-kuaishou@3.0.0-3081220230817001_postcss@8.4.33_vue@3.4.15/node_modules/@dcloudio/uni-mp-kuaishou",
      "link": true
    },
    "node_modules/@dcloudio/uni-mp-lark": {
      "resolved": "../node_modules/.pnpm/@dcloudio+uni-mp-lark@3.0.0-3081220230817001_postcss@8.4.33_vue@3.4.15/node_modules/@dcloudio/uni-mp-lark",
      "link": true
    },
    "node_modules/@dcloudio/uni-mp-qq": {
      "resolved": "../node_modules/.pnpm/@dcloudio+uni-mp-qq@3.0.0-3081220230817001_postcss@8.4.33_vue@3.4.15/node_modules/@dcloudio/uni-mp-qq",
      "link": true
    },
    "node_modules/@dcloudio/uni-mp-toutiao": {
      "resolved": "../node_modules/.pnpm/@dcloudio+uni-mp-toutiao@3.0.0-3081220230817001_postcss@8.4.33_vue@3.4.15/node_modules/@dcloudio/uni-mp-toutiao",
      "link": true
    },
    "node_modules/@dcloudio/uni-mp-weixin": {
      "resolved": "../node_modules/.pnpm/@dcloudio+uni-mp-weixin@3.0.0-3081220230817001_postcss@8.4.33_vue@3.4.15/node_modules/@dcloudio/uni-mp-weixin",
      "link": true
    },
    "node_modules/@dcloudio/uni-quickapp-webview": {
      "resolved": "../node_modules/.pnpm/@dcloudio+uni-quickapp-webview@3.0.0-3081220230817001_postcss@8.4.33_vue@3.4.15/node_modules/@dcloudio/uni-quickapp-webview",
      "link": true
    },
    "node_modules/@dcloudio/uni-stacktracey": {
      "resolved": "../node_modules/.pnpm/@dcloudio+uni-stacktracey@3.0.0-3081220230817001/node_modules/@dcloudio/uni-stacktracey",
      "link": true
    },
    "node_modules/@dcloudio/vite-plugin-uni": {
      "resolved": "../node_modules/.pnpm/@dcloudio+vite-plugin-uni@3.0.0-3081220230817001_postcss@8.4.33_vite@4.1.4_vue@3.4.15/node_modules/@dcloudio/vite-plugin-uni",
      "link": true
    },
    "node_modules/@esbuild/android-arm": {
      "version": "0.16.17",
      "resolved": "https://registry.npmjs.org/@esbuild/android-arm/-/android-arm-0.16.17.tgz",
      "integrity": "sha512-N9x1CMXVhtWEAMS7pNNONyA14f71VPQN9Cnavj1XQh6T7bskqiLLrSca4O0Vr8Wdcga943eThxnVp3JLnBMYtw==",
      "cpu": [
        "arm"
      ],
      "dev": true,
      "optional": true,
      "os": [
        "android"
      ],
      "engines": {
        "node": ">=12"
      }
    },
    "node_modules/@esbuild/android-arm64": {
      "version": "0.16.17",
      "resolved": "https://registry.npmjs.org/@esbuild/android-arm64/-/android-arm64-0.16.17.tgz",
      "integrity": "sha512-MIGl6p5sc3RDTLLkYL1MyL8BMRN4tLMRCn+yRJJmEDvYZ2M7tmAf80hx1kbNEUX2KJ50RRtxZ4JHLvCfuB6kBg==",
      "cpu": [
        "arm64"
      ],
      "dev": true,
      "optional": true,
      "os": [
        "android"
      ],
      "engines": {
        "node": ">=12"
      }
    },
    "node_modules/@esbuild/android-x64": {
      "version": "0.16.17",
      "resolved": "https://registry.npmjs.org/@esbuild/android-x64/-/android-x64-0.16.17.tgz",
      "integrity": "sha512-a3kTv3m0Ghh4z1DaFEuEDfz3OLONKuFvI4Xqczqx4BqLyuFaFkuaG4j2MtA6fuWEFeC5x9IvqnX7drmRq/fyAQ==",
      "cpu": [
        "x64"
      ],
      "dev": true,
      "optional": true,
      "os": [
        "android"
      ],
      "engines": {
        "node": ">=12"
      }
    },
    "node_modules/@esbuild/darwin-arm64": {
      "version": "0.16.17",
      "resolved": "https://registry.npmjs.org/@esbuild/darwin-arm64/-/darwin-arm64-0.16.17.tgz",
      "integrity": "sha512-/2agbUEfmxWHi9ARTX6OQ/KgXnOWfsNlTeLcoV7HSuSTv63E4DqtAc+2XqGw1KHxKMHGZgbVCZge7HXWX9Vn+w==",
      "cpu": [
        "arm64"
      ],
      "dev": true,
      "optional": true,
      "os": [
        "darwin"
      ],
      "engines": {
        "node": ">=12"
      }
    },
    "node_modules/@esbuild/darwin-x64": {
      "version": "0.16.17",
      "resolved": "https://registry.npmjs.org/@esbuild/darwin-x64/-/darwin-x64-0.16.17.tgz",
      "integrity": "sha512-2By45OBHulkd9Svy5IOCZt376Aa2oOkiE9QWUK9fe6Tb+WDr8hXL3dpqi+DeLiMed8tVXspzsTAvd0jUl96wmg==",
      "cpu": [
        "x64"
      ],
      "dev": true,
      "optional": true,
      "os": [
        "darwin"
      ],
      "engines": {
        "node": ">=12"
      }
    },
    "node_modules/@esbuild/freebsd-arm64": {
      "version": "0.16.17",
      "resolved": "https://registry.npmjs.org/@esbuild/freebsd-arm64/-/freebsd-arm64-0.16.17.tgz",
      "integrity": "sha512-mt+cxZe1tVx489VTb4mBAOo2aKSnJ33L9fr25JXpqQqzbUIw/yzIzi+NHwAXK2qYV1lEFp4OoVeThGjUbmWmdw==",
      "cpu": [
        "arm64"
      ],
      "dev": true,
      "optional": true,
      "os": [
        "freebsd"
      ],
      "engines": {
        "node": ">=12"
      }
    },
    "node_modules/@esbuild/freebsd-x64": {
      "version": "0.16.17",
      "resolved": "https://registry.npmjs.org/@esbuild/freebsd-x64/-/freebsd-x64-0.16.17.tgz",
      "integrity": "sha512-8ScTdNJl5idAKjH8zGAsN7RuWcyHG3BAvMNpKOBaqqR7EbUhhVHOqXRdL7oZvz8WNHL2pr5+eIT5c65kA6NHug==",
      "cpu": [
        "x64"
      ],
      "dev": true,
      "optional": true,
      "os": [
        "freebsd"
      ],
      "engines": {
        "node": ">=12"
      }
    },
    "node_modules/@esbuild/linux-arm": {
      "version": "0.16.17",
      "resolved": "https://registry.npmjs.org/@esbuild/linux-arm/-/linux-arm-0.16.17.tgz",
      "integrity": "sha512-iihzrWbD4gIT7j3caMzKb/RsFFHCwqqbrbH9SqUSRrdXkXaygSZCZg1FybsZz57Ju7N/SHEgPyaR0LZ8Zbe9gQ==",
      "cpu": [
        "arm"
      ],
      "dev": true,
      "optional": true,
      "os": [
        "linux"
      ],
      "engines": {
        "node": ">=12"
      }
    },
    "node_modules/@esbuild/linux-arm64": {
      "version": "0.16.17",
      "resolved": "https://registry.npmjs.org/@esbuild/linux-arm64/-/linux-arm64-0.16.17.tgz",
      "integrity": "sha512-7S8gJnSlqKGVJunnMCrXHU9Q8Q/tQIxk/xL8BqAP64wchPCTzuM6W3Ra8cIa1HIflAvDnNOt2jaL17vaW+1V0g==",
      "cpu": [
        "arm64"
      ],
      "dev": true,
      "optional": true,
      "os": [
        "linux"
      ],
      "engines": {
        "node": ">=12"
      }
    },
    "node_modules/@esbuild/linux-ia32": {
      "version": "0.16.17",
      "resolved": "https://registry.npmjs.org/@esbuild/linux-ia32/-/linux-ia32-0.16.17.tgz",
      "integrity": "sha512-kiX69+wcPAdgl3Lonh1VI7MBr16nktEvOfViszBSxygRQqSpzv7BffMKRPMFwzeJGPxcio0pdD3kYQGpqQ2SSg==",
      "cpu": [
        "ia32"
      ],
      "dev": true,
      "optional": true,
      "os": [
        "linux"
      ],
      "engines": {
        "node": ">=12"
      }
    },
    "node_modules/@esbuild/linux-loong64": {
      "version": "0.16.17",
      "resolved": "https://registry.npmjs.org/@esbuild/linux-loong64/-/linux-loong64-0.16.17.tgz",
      "integrity": "sha512-dTzNnQwembNDhd654cA4QhbS9uDdXC3TKqMJjgOWsC0yNCbpzfWoXdZvp0mY7HU6nzk5E0zpRGGx3qoQg8T2DQ==",
      "cpu": [
        "loong64"
      ],
      "dev": true,
      "optional": true,
      "os": [
        "linux"
      ],
      "engines": {
        "node": ">=12"
      }
    },
    "node_modules/@esbuild/linux-mips64el": {
      "version": "0.16.17",
      "resolved": "https://registry.npmjs.org/@esbuild/linux-mips64el/-/linux-mips64el-0.16.17.tgz",
      "integrity": "sha512-ezbDkp2nDl0PfIUn0CsQ30kxfcLTlcx4Foz2kYv8qdC6ia2oX5Q3E/8m6lq84Dj/6b0FrkgD582fJMIfHhJfSw==",
      "cpu": [
        "mips64el"
      ],
      "dev": true,
      "optional": true,
      "os": [
        "linux"
      ],
      "engines": {
        "node": ">=12"
      }
    },
    "node_modules/@esbuild/linux-ppc64": {
      "version": "0.16.17",
      "resolved": "https://registry.npmjs.org/@esbuild/linux-ppc64/-/linux-ppc64-0.16.17.tgz",
      "integrity": "sha512-dzS678gYD1lJsW73zrFhDApLVdM3cUF2MvAa1D8K8KtcSKdLBPP4zZSLy6LFZ0jYqQdQ29bjAHJDgz0rVbLB3g==",
      "cpu": [
        "ppc64"
      ],
      "dev": true,
      "optional": true,
      "os": [
        "linux"
      ],
      "engines": {
        "node": ">=12"
      }
    },
    "node_modules/@esbuild/linux-riscv64": {
      "version": "0.16.17",
      "resolved": "https://registry.npmjs.org/@esbuild/linux-riscv64/-/linux-riscv64-0.16.17.tgz",
      "integrity": "sha512-ylNlVsxuFjZK8DQtNUwiMskh6nT0vI7kYl/4fZgV1llP5d6+HIeL/vmmm3jpuoo8+NuXjQVZxmKuhDApK0/cKw==",
      "cpu": [
        "riscv64"
      ],
      "dev": true,
      "optional": true,
      "os": [
        "linux"
      ],
      "engines": {
        "node": ">=12"
      }
    },
    "node_modules/@esbuild/linux-s390x": {
      "version": "0.16.17",
      "resolved": "https://registry.npmjs.org/@esbuild/linux-s390x/-/linux-s390x-0.16.17.tgz",
      "integrity": "sha512-gzy7nUTO4UA4oZ2wAMXPNBGTzZFP7mss3aKR2hH+/4UUkCOyqmjXiKpzGrY2TlEUhbbejzXVKKGazYcQTZWA/w==",
      "cpu": [
        "s390x"
      ],
      "dev": true,
      "optional": true,
      "os": [
        "linux"
      ],
      "engines": {
        "node": ">=12"
      }
    },
    "node_modules/@esbuild/linux-x64": {
      "version": "0.16.17",
      "resolved": "https://registry.npmjs.org/@esbuild/linux-x64/-/linux-x64-0.16.17.tgz",
      "integrity": "sha512-mdPjPxfnmoqhgpiEArqi4egmBAMYvaObgn4poorpUaqmvzzbvqbowRllQ+ZgzGVMGKaPkqUmPDOOFQRUFDmeUw==",
      "cpu": [
        "x64"
      ],
      "dev": true,
      "optional": true,
      "os": [
        "linux"
      ],
      "engines": {
        "node": ">=12"
      }
    },
    "node_modules/@esbuild/netbsd-x64": {
      "version": "0.16.17",
      "resolved": "https://registry.npmjs.org/@esbuild/netbsd-x64/-/netbsd-x64-0.16.17.tgz",
      "integrity": "sha512-/PzmzD/zyAeTUsduZa32bn0ORug+Jd1EGGAUJvqfeixoEISYpGnAezN6lnJoskauoai0Jrs+XSyvDhppCPoKOA==",
      "cpu": [
        "x64"
      ],
      "dev": true,
      "optional": true,
      "os": [
        "netbsd"
      ],
      "engines": {
        "node": ">=12"
      }
    },
    "node_modules/@esbuild/openbsd-x64": {
      "version": "0.16.17",
      "resolved": "https://registry.npmjs.org/@esbuild/openbsd-x64/-/openbsd-x64-0.16.17.tgz",
      "integrity": "sha512-2yaWJhvxGEz2RiftSk0UObqJa/b+rIAjnODJgv2GbGGpRwAfpgzyrg1WLK8rqA24mfZa9GvpjLcBBg8JHkoodg==",
      "cpu": [
        "x64"
      ],
      "dev": true,
      "optional": true,
      "os": [
        "openbsd"
      ],
      "engines": {
        "node": ">=12"
      }
    },
    "node_modules/@esbuild/sunos-x64": {
      "version": "0.16.17",
      "resolved": "https://registry.npmjs.org/@esbuild/sunos-x64/-/sunos-x64-0.16.17.tgz",
      "integrity": "sha512-xtVUiev38tN0R3g8VhRfN7Zl42YCJvyBhRKw1RJjwE1d2emWTVToPLNEQj/5Qxc6lVFATDiy6LjVHYhIPrLxzw==",
      "cpu": [
        "x64"
      ],
      "dev": true,
      "optional": true,
      "os": [
        "sunos"
      ],
      "engines": {
        "node": ">=12"
      }
    },
    "node_modules/@esbuild/win32-arm64": {
      "version": "0.16.17",
      "resolved": "https://registry.npmjs.org/@esbuild/win32-arm64/-/win32-arm64-0.16.17.tgz",
      "integrity": "sha512-ga8+JqBDHY4b6fQAmOgtJJue36scANy4l/rL97W+0wYmijhxKetzZdKOJI7olaBaMhWt8Pac2McJdZLxXWUEQw==",
      "cpu": [
        "arm64"
      ],
      "dev": true,
      "optional": true,
      "os": [
        "win32"
      ],
      "engines": {
        "node": ">=12"
      }
    },
    "node_modules/@esbuild/win32-ia32": {
      "version": "0.16.17",
      "resolved": "https://registry.npmjs.org/@esbuild/win32-ia32/-/win32-ia32-0.16.17.tgz",
      "integrity": "sha512-WnsKaf46uSSF/sZhwnqE4L/F89AYNMiD4YtEcYekBt9Q7nj0DiId2XH2Ng2PHM54qi5oPrQ8luuzGszqi/veig==",
      "cpu": [
        "ia32"
      ],
      "dev": true,
      "optional": true,
      "os": [
        "win32"
      ],
      "engines": {
        "node": ">=12"
      }
    },
    "node_modules/@esbuild/win32-x64": {
      "version": "0.16.17",
      "resolved": "https://registry.npmjs.org/@esbuild/win32-x64/-/win32-x64-0.16.17.tgz",
      "integrity": "sha512-y+EHuSchhL7FjHgvQL/0fnnFmO4T1bhvWANX6gcnqTjtnKWbTvUMCpGnv2+t+31d7RzyEAYAd4u2fnIhHL6N/Q==",
      "cpu": [
        "x64"
      ],
      "dev": true,
      "optional": true,
      "os": [
        "win32"
      ],
      "engines": {
        "node": ">=12"
      }
    },
    "node_modules/@vue/runtime-core": {
      "resolved": "../node_modules/.pnpm/@vue+runtime-core@3.4.15/node_modules/@vue/runtime-core",
      "link": true
    },
    "node_modules/@vue/tsconfig": {
      "resolved": "../node_modules/.pnpm/@vue+tsconfig@0.1.3_@types+node@20.11.5/node_modules/@vue/tsconfig",
      "link": true
    },
    "node_modules/esbuild": {
      "version": "0.16.17",
      "resolved": "https://registry.npmjs.org/esbuild/-/esbuild-0.16.17.tgz",
      "integrity": "sha512-G8LEkV0XzDMNwXKgM0Jwu3nY3lSTwSGY6XbxM9cr9+s0T/qSV1q1JVPBGzm3dcjhCic9+emZDmMffkwgPeOeLg==",
      "dev": true,
      "hasInstallScript": true,
      "bin": {
        "esbuild": "bin/esbuild"
      },
      "engines": {
        "node": ">=12"
      },
      "optionalDependencies": {
        "@esbuild/android-arm": "0.16.17",
        "@esbuild/android-arm64": "0.16.17",
        "@esbuild/android-x64": "0.16.17",
        "@esbuild/darwin-arm64": "0.16.17",
        "@esbuild/darwin-x64": "0.16.17",
        "@esbuild/freebsd-arm64": "0.16.17",
        "@esbuild/freebsd-x64": "0.16.17",
        "@esbuild/linux-arm": "0.16.17",
        "@esbuild/linux-arm64": "0.16.17",
        "@esbuild/linux-ia32": "0.16.17",
        "@esbuild/linux-loong64": "0.16.17",
        "@esbuild/linux-mips64el": "0.16.17",
        "@esbuild/linux-ppc64": "0.16.17",
        "@esbuild/linux-riscv64": "0.16.17",
        "@esbuild/linux-s390x": "0.16.17",
        "@esbuild/linux-x64": "0.16.17",
        "@esbuild/netbsd-x64": "0.16.17",
        "@esbuild/openbsd-x64": "0.16.17",
        "@esbuild/sunos-x64": "0.16.17",
        "@esbuild/win32-arm64": "0.16.17",
        "@esbuild/win32-ia32": "0.16.17",
        "@esbuild/win32-x64": "0.16.17"
      }
    },
    "node_modules/fsevents": {
      "version": "2.3.3",
      "resolved": "https://registry.npmjs.org/fsevents/-/fsevents-2.3.3.tgz",
      "integrity": "sha512-5xoDfX+fL7faATnagmWPpbFtwh/R77WmMMqqHGS65C3vvB0YHrgF+B1YmZ3441tMj5n63k0212XNoJwzlhffQw==",
      "dev": true,
      "hasInstallScript": true,
      "optional": true,
      "os": [
        "darwin"
      ],
      "engines": {
        "node": "^8.16.0 || ^10.6.0 || >=11.0.0"
      }
    },
    "node_modules/function-bind": {
      "version": "1.1.2",
      "resolved": "https://registry.npmjs.org/function-bind/-/function-bind-1.1.2.tgz",
      "integrity": "sha512-7XHNxH7qX9xG5mIwxkhumTox/MIRNcOgDrxWsMt2pAr23WHp6MrRlN7FBSFpCpr+oVO0F744iUgR82nJMfG2SA==",
      "dev": true,
      "funding": {
        "url": "https://github.com/sponsors/ljharb"
      }
    },
    "node_modules/hasown": {
      "version": "2.0.0",
      "resolved": "https://registry.npmjs.org/hasown/-/hasown-2.0.0.tgz",
      "integrity": "sha512-vUptKVTpIJhcczKBbgnS+RtcuYMB8+oNzPK2/Hp3hanz8JmpATdmmgLgSaadVREkDm+e2giHwY3ZRkyjSIDDFA==",
      "dev": true,
      "dependencies": {
        "function-bind": "^1.1.2"
      },
      "engines": {
        "node": ">= 0.4"
      }
    },
    "node_modules/is-core-module": {
      "version": "2.13.1",
      "resolved": "https://registry.npmjs.org/is-core-module/-/is-core-module-2.13.1.tgz",
      "integrity": "sha512-hHrIjvZsftOsvKSn2TRYl63zvxsgE0K+0mYMoH6gD4omR5IWB2KynivBQczo3+wF1cCkjzvptnI9Q0sPU66ilw==",
      "dev": true,
      "dependencies": {
        "hasown": "^2.0.0"
      },
      "funding": {
        "url": "https://github.com/sponsors/ljharb"
      }
    },
    "node_modules/nanoid": {
      "version": "3.3.7",
      "resolved": "https://registry.npmjs.org/nanoid/-/nanoid-3.3.7.tgz",
      "integrity": "sha512-eSRppjcPIatRIMC1U6UngP8XFcz8MQWGQdt1MTBQ7NaAmvXDfvNxbvWV3x2y6CdEUciCSsDHDQZbhYaB8QEo2g==",
      "dev": true,
      "funding": [
        {
          "type": "github",
          "url": "https://github.com/sponsors/ai"
        }
      ],
      "bin": {
        "nanoid": "bin/nanoid.cjs"
      },
      "engines": {
        "node": "^10 || ^12 || ^13.7 || ^14 || >=15.0.1"
      }
    },
    "node_modules/path-parse": {
      "version": "1.0.7",
      "resolved": "https://registry.npmjs.org/path-parse/-/path-parse-1.0.7.tgz",
      "integrity": "sha512-LDJzPVEEEPR+y48z93A0Ed0yXb8pAByGWo/k5YYdYgpY2/2EsOsksJrq7lOHxryrVOn1ejG6oAp8ahvOIQD8sw==",
      "dev": true
    },
    "node_modules/picocolors": {
      "version": "1.0.0",
      "resolved": "https://registry.npmjs.org/picocolors/-/picocolors-1.0.0.tgz",
      "integrity": "sha512-1fygroTLlHu66zi26VoTDv8yRgm0Fccecssto+MhsZ0D/DGW2sm8E8AjW7NU5VVTRt5GxbeZ5qBuJr+HyLYkjQ==",
      "dev": true
    },
    "node_modules/postcss": {
      "version": "8.4.33",
      "resolved": "https://registry.npmjs.org/postcss/-/postcss-8.4.33.tgz",
      "integrity": "sha512-Kkpbhhdjw2qQs2O2DGX+8m5OVqEcbB9HRBvuYM9pgrjEFUg30A9LmXNlTAUj4S9kgtGyrMbTzVjH7E+s5Re2yg==",
      "dev": true,
      "funding": [
        {
          "type": "opencollective",
          "url": "https://opencollective.com/postcss/"
        },
        {
          "type": "tidelift",
          "url": "https://tidelift.com/funding/github/npm/postcss"
        },
        {
          "type": "github",
          "url": "https://github.com/sponsors/ai"
        }
      ],
      "dependencies": {
        "nanoid": "^3.3.7",
        "picocolors": "^1.0.0",
        "source-map-js": "^1.0.2"
      },
      "engines": {
        "node": "^10 || ^12 || >=14"
      }
    },
    "node_modules/resolve": {
      "version": "1.22.8",
      "resolved": "https://registry.npmjs.org/resolve/-/resolve-1.22.8.tgz",
      "integrity": "sha512-oKWePCxqpd6FlLvGV1VU0x7bkPmmCNolxzjMf4NczoDnQcIWrAF+cPtZn5i6n+RfD2d9i0tzpKnG6Yk168yIyw==",
      "dev": true,
      "dependencies": {
        "is-core-module": "^2.13.0",
        "path-parse": "^1.0.7",
        "supports-preserve-symlinks-flag": "^1.0.0"
      },
      "bin": {
        "resolve": "bin/resolve"
      },
      "funding": {
        "url": "https://github.com/sponsors/ljharb"
      }
    },
    "node_modules/rollup": {
      "version": "3.29.4",
      "resolved": "https://registry.npmjs.org/rollup/-/rollup-3.29.4.tgz",
      "integrity": "sha512-oWzmBZwvYrU0iJHtDmhsm662rC15FRXmcjCk1xD771dFDx5jJ02ufAQQTn0etB2emNk4J9EZg/yWKpsn9BWGRw==",
      "dev": true,
      "bin": {
        "rollup": "dist/bin/rollup"
      },
      "engines": {
        "node": ">=14.18.0",
        "npm": ">=8.0.0"
      },
      "optionalDependencies": {
        "fsevents": "~2.3.2"
      }
    },
    "node_modules/source-map-js": {
      "version": "1.0.2",
      "resolved": "https://registry.npmjs.org/source-map-js/-/source-map-js-1.0.2.tgz",
      "integrity": "sha512-R0XvVJ9WusLiqTCEiGCmICCMplcCkIwwR11mOSD9CR5u+IXYdiseeEuXCVAjS54zqwkLcPNnmU4OeJ6tUrWhDw==",
      "dev": true,
      "engines": {
        "node": ">=0.10.0"
      }
    },
    "node_modules/supports-preserve-symlinks-flag": {
      "version": "1.0.0",
      "resolved": "https://registry.npmjs.org/supports-preserve-symlinks-flag/-/supports-preserve-symlinks-flag-1.0.0.tgz",
      "integrity": "sha512-ot0WnXS9fgdkgIcePe6RHNk1WA8+muPa6cSjeR3V8K27q9BB1rTE3R1p7Hv0z1ZyAc8s6Vvv8DIyWf681MAt0w==",
      "dev": true,
      "engines": {
        "node": ">= 0.4"
      },
      "funding": {
        "url": "https://github.com/sponsors/ljharb"
      }
    },
    "node_modules/typescript": {
      "resolved": "../node_modules/.pnpm/typescript@4.9.5/node_modules/typescript",
      "link": true
    },
    "node_modules/vite": {
      "version": "4.1.4",
      "resolved": "https://registry.npmjs.org/vite/-/vite-4.1.4.tgz",
      "integrity": "sha512-3knk/HsbSTKEin43zHu7jTwYWv81f8kgAL99G5NWBcA1LKvtvcVAC4JjBH1arBunO9kQka+1oGbrMKOjk4ZrBg==",
      "dev": true,
      "dependencies": {
        "esbuild": "^0.16.14",
        "postcss": "^8.4.21",
        "resolve": "^1.22.1",
        "rollup": "^3.10.0"
      },
      "bin": {
        "vite": "bin/vite.js"
      },
      "engines": {
        "node": "^14.18.0 || >=16.0.0"
      },
      "optionalDependencies": {
        "fsevents": "~2.3.2"
      },
      "peerDependencies": {
        "@types/node": ">= 14",
        "less": "*",
        "sass": "*",
        "stylus": "*",
        "sugarss": "*",
        "terser": "^5.4.0"
      },
      "peerDependenciesMeta": {
        "@types/node": {
          "optional": true
        },
        "less": {
          "optional": true
        },
        "sass": {
          "optional": true
        },
        "stylus": {
          "optional": true
        },
        "sugarss": {
          "optional": true
        },
        "terser": {
          "optional": true
        }
      }
    },
    "node_modules/vue": {
      "resolved": "../node_modules/.pnpm/vue@3.4.15_typescript@4.9.5/node_modules/vue",
      "link": true
    },
    "node_modules/vue-i18n": {
      "resolved": "../node_modules/.pnpm/vue-i18n@9.9.0_vue@3.4.15/node_modules/vue-i18n",
      "link": true
    },
    "node_modules/vue-tsc": {
      "resolved": "../node_modules/.pnpm/vue-tsc@1.8.27_typescript@4.9.5/node_modules/vue-tsc",
      "link": true
    }
  }
}
