{
  "name": "uni-preset-vue",
  "version": "0.0.0",
  "lockfileVersion": 3,
  "requires": true,
  "packages": {
    "": {
      "name": "uni-preset-vue",
      "version": "0.0.0",
      "dependencies": {
        "@dcloudio/uni-app": "3.0.0-3081220230817001",
        "@dcloudio/uni-app-plus": "3.0.0-3081220230817001",
        "@dcloudio/uni-components": "3.0.0-3081220230817001",
        "@dcloudio/uni-h5": "3.0.0-3081220230817001",
        "@dcloudio/uni-mp-alipay": "3.0.0-3081220230817001",
        "@dcloudio/uni-mp-kuaishou": "3.0.0-3081220230817001",
        "@dcloudio/uni-mp-lark": "3.0.0-3081220230817001",
        "@dcloudio/uni-mp-qq": "3.0.0-3081220230817001",
        "@dcloudio/uni-mp-toutiao": "3.0.0-3081220230817001",
        "@dcloudio/uni-mp-weixin": "3.0.0-3081220230817001",
        "@dcloudio/uni-quickapp-webview": "3.0.0-3081220230817001",
        "vue": "^3.2.45",
        "vue-i18n": "^9.1.9"
      },
      "devDependencies": {
        "@dcloudio/types": "^3.3.2",
        "@dcloudio/uni-automator": "3.0.0-3081220230817001",
        "@dcloudio/uni-cli-shared": "3.0.0-3081220230817001",
        "@dcloudio/uni-stacktracey": "3.0.0-3081220230817001",
        "@dcloudio/vite-plugin-uni": "3.0.0-3081220230817001",
        "@vue/runtime-core": "^3.2.45",
        "@vue/tsconfig": "^0.1.3",
        "typescript": "^4.9.4",
        "vite": "4.5.2",
        "vue-tsc": "^1.0.24"
      }
    },
    "../node_modules/.pnpm/@dcloudio+types@3.4.7/node_modules/@dcloudio/types": {
      "version": "3.4.7",
      "dev": true,
      "license": "Apache-2.0",
      "devDependencies": {
        "@definitelytyped/dtslint": "^0.0.115",
        "miniprogram-api-typings": "3.7.1",
        "ts-morph": "^17.0.1",
        "tslint": "^5.14.0",
        "typescript": "5.0.4",
        "vue": "2.6"
      }
    },
    "../node_modules/.pnpm/@dcloudio+uni-app-plus@3.0.0-3081220230817001_postcss@8.4.33_vite@4.1.4_vue@3.4.15/node_modules/@dcloudio/uni-app-plus": {
      "version": "3.0.0-3081220230817001",
      "license": "Apache-2.0",
      "dependencies": {
        "@dcloudio/uni-app-uts": "3.0.0-3081220230817001",
        "@dcloudio/uni-app-vite": "3.0.0-3081220230817001",
        "@dcloudio/uni-app-vue": "3.0.0-3081220230817001",
        "debug": "^4.3.3",
        "fs-extra": "^10.0.0",
        "licia": "^1.29.0",
        "postcss-selector-parser": "^6.0.6"
      },
      "devDependencies": {
        "@dcloudio/uni-cli-shared": "3.0.0-3081220230817001",
        "@dcloudio/uni-components": "3.0.0-3081220230817001",
        "@dcloudio/uni-h5": "3.0.0-3081220230817001",
        "@dcloudio/uni-i18n": "3.0.0-3081220230817001",
        "@dcloudio/uni-shared": "3.0.0-3081220230817001",
        "@types/pako": "1.0.2",
        "@vue/compiler-sfc": "3.2.47",
        "autoprefixer": "^10.4.14",
        "pako": "^1.0.11",
        "postcss": "^8.4.21",
        "vue": "3.2.47"
      }
    },
    "../node_modules/.pnpm/@dcloudio+uni-app@3.0.0-3081220230817001_@dcloudio+types@3.4.7_postcss@8.4.33_vue@3.4.15/node_modules/@dcloudio/uni-app": {
      "version": "3.0.0-3081220230817001",
      "license": "Apache-2.0",
      "dependencies": {
        "@dcloudio/uni-cloud": "3.0.0-3081220230817001",
        "@dcloudio/uni-components": "3.0.0-3081220230817001",
        "@dcloudio/uni-i18n": "3.0.0-3081220230817001",
        "@dcloudio/uni-push": "3.0.0-3081220230817001",
        "@dcloudio/uni-shared": "3.0.0-3081220230817001",
        "@dcloudio/uni-stat": "3.0.0-3081220230817001",
        "@vue/shared": "3.2.47"
      },
      "peerDependencies": {
        "@dcloudio/types": "^3.3.2"
      }
    },
    "../node_modules/.pnpm/@dcloudio+uni-automator@3.0.0-3081220230817001_jest-environment-node@27.5.1_jest@27.0.4_postcss@8.4.33_vue@3.4.15/node_modules/@dcloudio/uni-automator": {
      "version": "3.0.0-3081220230817001",
      "dev": true,
      "license": "Apache-2.0",
      "dependencies": {
        "@dcloudio/uni-cli-shared": "3.0.0-3081220230817001",
        "address": "^1.1.2",
        "cross-env": "^7.0.3",
        "debug": "^4.3.3",
        "default-gateway": "^6.0.3",
        "fs-extra": "^10.0.0",
        "jsonc-parser": "^3.2.0",
        "licia": "^1.29.0",
        "qrcode-reader": "^1.0.4",
        "qrcode-terminal": "^0.12.0",
        "ws": "^8.4.2"
      },
      "devDependencies": {
        "@types/debug": "^4.1.7",
        "@types/fs-extra": "^9.0.13"
      },
      "peerDependencies": {
        "jest": "27.0.4",
        "jest-environment-node": "27.5.1"
      }
    },
    "../node_modules/.pnpm/@dcloudio+uni-cli-shared@3.0.0-3081220230817001_postcss@8.4.33_vue@3.4.15/node_modules/@dcloudio/uni-cli-shared": {
      "version": "3.0.0-3081220230817001",
      "dev": true,
      "license": "Apache-2.0",
      "dependencies": {
        "@ampproject/remapping": "^2.1.2",
        "@babel/core": "^7.21.3",
        "@babel/parser": "^7.16.4",
        "@babel/types": "^7.20.7",
        "@dcloudio/uni-i18n": "3.0.0-3081220230817001",
        "@dcloudio/uni-shared": "3.0.0-3081220230817001",
        "@intlify/core-base": "9.1.9",
        "@intlify/shared": "9.1.9",
        "@intlify/vue-devtools": "9.1.9",
        "@rollup/pluginutils": "^4.2.0",
        "@vue/compiler-core": "3.2.47",
        "@vue/compiler-dom": "3.2.47",
        "@vue/compiler-sfc": "3.2.47",
        "@vue/server-renderer": "3.2.47",
        "@vue/shared": "3.2.47",
        "autoprefixer": "^10.4.14",
        "base64url": "^3.0.1",
        "chokidar": "^3.5.3",
        "compare-versions": "^3.6.0",
        "debug": "^4.3.3",
        "es-module-lexer": "^1.2.1",
        "esbuild": "^0.17.5",
        "estree-walker": "^2.0.2",
        "fast-glob": "^3.2.11",
        "fs-extra": "^10.0.0",
        "hash-sum": "^2.0.0",
        "jsonc-parser": "^3.0.0",
        "magic-string": "^0.30.0",
        "merge": "^2.1.1",
        "mime": "^3.0.0",
        "module-alias": "^2.2.2",
        "os-locale-s-fix": "^1.0.8-fix-1",
        "picocolors": "^1.0.0",
        "postcss-import": "^14.0.2",
        "postcss-load-config": "^3.1.1",
        "postcss-modules": "^4.3.0",
        "postcss-selector-parser": "^6.0.6",
        "resolve": "^1.22.1",
        "tapable": "^2.2.0",
        "xregexp": "3.1.0"
      },
      "devDependencies": {
        "@dcloudio/uni-uts-v1": "3.0.0-3081220230817001",
        "@types/babel__core": "^7.1.19",
        "@types/debug": "^4.1.7",
        "@types/estree": "^0.0.51",
        "@types/fs-extra": "^9.0.13",
        "@types/hash-sum": "^1.0.0",
        "@types/less": "^3.0.3",
        "@types/mime": "^2.0.3",
        "@types/module-alias": "^2.0.1",
        "@types/resolve": "^1.20.2",
        "@types/sass": "^1.43.1",
        "@types/stylus": "^0.48.36",
        "postcss": "^8.4.21",
        "vue": "3.2.47"
      },
      "engines": {
        "node": "^14.18.0 || >=16.0.0"
      }
    },
    "../node_modules/.pnpm/@dcloudio+uni-components@3.0.0-3081220230817001_postcss@8.4.33_vue@3.4.15/node_modules/@dcloudio/uni-components": {
      "version": "3.0.0-3081220230817001",
      "license": "Apache-2.0",
      "dependencies": {
        "@dcloudio/uni-cloud": "3.0.0-3081220230817001",
        "@dcloudio/uni-h5": "3.0.0-3081220230817001",
        "@dcloudio/uni-i18n": "3.0.0-3081220230817001"
      },
      "devDependencies": {
        "@dcloudio/uni-shared": "3.0.0-3081220230817001",
        "@types/quill": "1.3.10"
      }
    },
    "../node_modules/.pnpm/@dcloudio+uni-h5@3.0.0-3081220230817001_postcss@8.4.33_vue@3.4.15/node_modules/@dcloudio/uni-h5": {
      "version": "3.0.0-3081220230817001",
      "license": "Apache-2.0",
      "dependencies": {
        "@dcloudio/uni-h5-vite": "3.0.0-3081220230817001",
        "@dcloudio/uni-h5-vue": "3.0.0-3081220230817001",
        "@dcloudio/uni-i18n": "3.0.0-3081220230817001",
        "@dcloudio/uni-shared": "3.0.0-3081220230817001",
        "@vue/server-renderer": "3.2.47",
        "@vue/shared": "3.2.47",
        "debug": "^4.3.3",
        "localstorage-polyfill": "^1.0.1",
        "postcss-selector-parser": "^6.0.6",
        "safe-area-insets": "^1.4.1",
        "vue-router": "^4.1.6",
        "xmlhttprequest": "^1.8.0"
      },
      "devDependencies": {
        "@amap/amap-jsapi-types": "^0.0.8",
        "@dcloudio/uni-cli-shared": "3.0.0-3081220230817001",
        "@types/estree": "^0.0.51",
        "@types/google.maps": "^3.45.6",
        "acorn-loose": "^8.2.1",
        "acorn-walk": "^8.2.0",
        "estree-walker": "^2.0.2",
        "vue": "3.2.47"
      }
    },
    "../node_modules/.pnpm/@dcloudio+uni-mp-alipay@3.0.0-3081220230817001_postcss@8.4.33_vue@3.4.15/node_modules/@dcloudio/uni-mp-alipay": {
      "version": "3.0.0-3081220230817001",
      "license": "Apache-2.0",
      "dependencies": {
        "@dcloudio/uni-cli-shared": "3.0.0-3081220230817001",
        "@dcloudio/uni-mp-vite": "3.0.0-3081220230817001",
        "@dcloudio/uni-mp-vue": "3.0.0-3081220230817001",
        "@dcloudio/uni-shared": "3.0.0-3081220230817001",
        "@vue/compiler-core": "3.2.47",
        "@vue/shared": "3.2.47"
      }
    },
    "../node_modules/.pnpm/@dcloudio+uni-mp-baidu@3.0.0-3081220230817001_postcss@8.4.33_vue@3.4.15/node_modules/@dcloudio/uni-mp-baidu": {
      "version": "3.0.0-3081220230817001",
      "extraneous": true,
      "license": "Apache-2.0",
      "dependencies": {
        "@dcloudio/uni-cli-shared": "3.0.0-3081220230817001",
        "@dcloudio/uni-mp-compiler": "3.0.0-3081220230817001",
        "@dcloudio/uni-mp-vite": "3.0.0-3081220230817001",
        "@dcloudio/uni-mp-vue": "3.0.0-3081220230817001",
        "@dcloudio/uni-mp-weixin": "3.0.0-3081220230817001",
        "@dcloudio/uni-shared": "3.0.0-3081220230817001",
        "@vue/compiler-core": "3.2.47",
        "@vue/shared": "3.2.47",
        "jimp": "^0.10.1",
        "licia": "^1.29.0",
        "qrcode-reader": "^1.0.4",
        "qrcode-terminal": "^0.12.0",
        "ws": "^8.4.2"
      }
    },
    "../node_modules/.pnpm/@dcloudio+uni-mp-jd@3.0.0-3081220230817001_postcss@8.4.33_vue@3.4.15/node_modules/@dcloudio/uni-mp-jd": {
      "version": "3.0.0-3081220230817001",
      "extraneous": true,
      "license": "Apache-2.0",
      "dependencies": {
        "@dcloudio/uni-cli-shared": "3.0.0-3081220230817001",
        "@dcloudio/uni-mp-compiler": "3.0.0-3081220230817001",
        "@dcloudio/uni-mp-vite": "3.0.0-3081220230817001",
        "@dcloudio/uni-mp-vue": "3.0.0-3081220230817001",
        "@dcloudio/uni-shared": "3.0.0-3081220230817001",
        "@vue/shared": "3.2.47"
      },
      "devDependencies": {
        "@dcloudio/uni-mp-weixin": "3.0.0-3081220230817001",
        "@vue/compiler-core": "3.2.47"
      }
    },
    "../node_modules/.pnpm/@dcloudio+uni-mp-kuaishou@3.0.0-3081220230817001_postcss@8.4.33_vue@3.4.15/node_modules/@dcloudio/uni-mp-kuaishou": {
      "version": "3.0.0-3081220230817001",
      "license": "Apache-2.0",
      "dependencies": {
        "@dcloudio/uni-cli-shared": "3.0.0-3081220230817001",
        "@dcloudio/uni-mp-compiler": "3.0.0-3081220230817001",
        "@dcloudio/uni-mp-vite": "3.0.0-3081220230817001",
        "@dcloudio/uni-mp-vue": "3.0.0-3081220230817001",
        "@dcloudio/uni-mp-weixin": "3.0.0-3081220230817001",
        "@dcloudio/uni-shared": "3.0.0-3081220230817001",
        "@vue/compiler-core": "3.2.47",
        "@vue/shared": "3.2.47"
      }
    },
    "../node_modules/.pnpm/@dcloudio+uni-mp-lark@3.0.0-3081220230817001_postcss@8.4.33_vue@3.4.15/node_modules/@dcloudio/uni-mp-lark": {
      "version": "3.0.0-3081220230817001",
      "license": "Apache-2.0",
      "dependencies": {
        "@dcloudio/uni-cli-shared": "3.0.0-3081220230817001",
        "@dcloudio/uni-mp-compiler": "3.0.0-3081220230817001",
        "@dcloudio/uni-mp-toutiao": "3.0.0-3081220230817001",
        "@dcloudio/uni-mp-vite": "3.0.0-3081220230817001",
        "@dcloudio/uni-mp-vue": "3.0.0-3081220230817001",
        "@dcloudio/uni-shared": "3.0.0-3081220230817001",
        "@vue/compiler-core": "3.2.47",
        "@vue/shared": "3.2.47"
      }
    },
    "../node_modules/.pnpm/@dcloudio+uni-mp-qq@3.0.0-3081220230817001_postcss@8.4.33_vue@3.4.15/node_modules/@dcloudio/uni-mp-qq": {
      "version": "3.0.0-3081220230817001",
      "license": "Apache-2.0",
      "dependencies": {
        "@dcloudio/uni-cli-shared": "3.0.0-3081220230817001",
        "@dcloudio/uni-mp-vite": "3.0.0-3081220230817001",
        "@dcloudio/uni-mp-vue": "3.0.0-3081220230817001",
        "@dcloudio/uni-shared": "3.0.0-3081220230817001",
        "@vue/shared": "3.2.47",
        "fs-extra": "^10.0.0"
      },
      "devDependencies": {
        "@dcloudio/uni-mp-weixin": "3.0.0-3081220230817001",
        "@types/fs-extra": "^9.0.13",
        "@vue/compiler-core": "3.2.47"
      }
    },
    "../node_modules/.pnpm/@dcloudio+uni-mp-toutiao@3.0.0-3081220230817001_postcss@8.4.33_vue@3.4.15/node_modules/@dcloudio/uni-mp-toutiao": {
      "version": "3.0.0-3081220230817001",
      "license": "Apache-2.0",
      "dependencies": {
        "@dcloudio/uni-cli-shared": "3.0.0-3081220230817001",
        "@dcloudio/uni-mp-compiler": "3.0.0-3081220230817001",
        "@dcloudio/uni-mp-vite": "3.0.0-3081220230817001",
        "@dcloudio/uni-mp-vue": "3.0.0-3081220230817001",
        "@dcloudio/uni-shared": "3.0.0-3081220230817001",
        "@vue/compiler-core": "3.2.47",
        "@vue/shared": "3.2.47"
      }
    },
    "../node_modules/.pnpm/@dcloudio+uni-mp-weixin@3.0.0-3081220230817001_postcss@8.4.33_vue@3.4.15/node_modules/@dcloudio/uni-mp-weixin": {
      "version": "3.0.0-3081220230817001",
      "license": "Apache-2.0",
      "dependencies": {
        "@dcloudio/uni-cli-shared": "3.0.0-3081220230817001",
        "@dcloudio/uni-mp-vite": "3.0.0-3081220230817001",
        "@dcloudio/uni-mp-vue": "3.0.0-3081220230817001",
        "@dcloudio/uni-shared": "3.0.0-3081220230817001",
        "@vue/shared": "3.2.47",
        "jimp": "^0.10.1",
        "licia": "^1.29.0",
        "qrcode-reader": "^1.0.4",
        "qrcode-terminal": "^0.12.0",
        "ws": "^8.4.2"
      },
      "devDependencies": {
        "@vue/compiler-core": "3.2.47"
      }
    },
    "../node_modules/.pnpm/@dcloudio+uni-quickapp-webview@3.0.0-3081220230817001_postcss@8.4.33_vue@3.4.15/node_modules/@dcloudio/uni-quickapp-webview": {
      "version": "3.0.0-3081220230817001",
      "license": "Apache-2.0",
      "dependencies": {
        "@dcloudio/uni-cli-shared": "3.0.0-3081220230817001",
        "@dcloudio/uni-mp-vite": "3.0.0-3081220230817001",
        "@dcloudio/uni-mp-vue": "3.0.0-3081220230817001",
        "@dcloudio/uni-shared": "3.0.0-3081220230817001",
        "@vue/shared": "3.2.47"
      },
      "devDependencies": {
        "@dcloudio/uni-mp-compiler": "3.0.0-3081220230817001"
      }
    },
    "../node_modules/.pnpm/@dcloudio+uni-stacktracey@3.0.0-3081220230817001/node_modules/@dcloudio/uni-stacktracey": {
      "version": "3.0.0-3081220230817001",
      "dev": true,
      "license": "Apache-2.0",
      "devDependencies": {
        "@dcloudio/types": "^2.6.12"
      }
    },
    "../node_modules/.pnpm/@dcloudio+vite-plugin-uni@3.0.0-3081220230817001_postcss@8.4.33_vite@4.1.4_vue@3.4.15/node_modules/@dcloudio/vite-plugin-uni": {
      "version": "3.0.0-3081220230817001",
      "dev": true,
      "license": "Apache-2.0",
      "dependencies": {
        "@babel/core": "^7.21.3",
        "@babel/plugin-syntax-import-meta": "^7.10.4",
        "@babel/plugin-transform-typescript": "^7.20.7",
        "@dcloudio/uni-cli-shared": "3.0.0-3081220230817001",
        "@dcloudio/uni-shared": "3.0.0-3081220230817001",
        "@rollup/pluginutils": "^4.2.0",
        "@vitejs/plugin-legacy": "^4.0.3",
        "@vitejs/plugin-vue": "^4.2.1",
        "@vitejs/plugin-vue-jsx": "^3.0.1",
        "@vue/compiler-core": "3.2.47",
        "@vue/compiler-dom": "3.2.47",
        "@vue/compiler-sfc": "3.2.47",
        "@vue/shared": "3.2.47",
        "cac": "6.7.9",
        "debug": "^4.3.3",
        "estree-walker": "^2.0.2",
        "express": "^4.17.1",
        "fast-glob": "^3.2.11",
        "fs-extra": "^10.0.0",
        "hash-sum": "^2.0.0",
        "jsonc-parser": "^3.0.0",
        "magic-string": "^0.30.0",
        "picocolors": "^1.0.0",
        "terser": "^5.4.0"
      },
      "bin": {
        "uni": "bin/uni.js"
      },
      "devDependencies": {
        "@types/debug": "^4.1.7",
        "@types/estree": "^0.0.51",
        "@types/express": "^4.17.12",
        "@types/fs-extra": "^9.0.13",
        "@types/sass": "^1.16.0",
        "@vue/babel-plugin-jsx": "^1.1.1",
        "chokidar": "^3.5.3",
        "vite": "^4.0.0",
        "vue": "3.2.47"
      },
      "engines": {
        "node": "^14.18.0 || >=16.0.0"
      },
      "peerDependencies": {
        "vite": "^4.0.0"
      }
    },
    "../node_modules/.pnpm/@vue+runtime-core@3.4.15/node_modules/@vue/runtime-core": {
      "version": "3.4.15",
      "dev": true,
      "license": "MIT",
      "dependencies": {
        "@vue/reactivity": "3.4.15",
        "@vue/shared": "3.4.15"
      }
    },
    "../node_modules/.pnpm/@vue+tsconfig@0.1.3_@types+node@20.11.5/node_modules/@vue/tsconfig": {
      "version": "0.1.3",
      "dev": true,
      "license": "MIT",
      "peerDependencies": {
        "@types/node": "*"
      },
      "peerDependenciesMeta": {
        "@types/node": {
          "optional": true
        }
      }
    },
    "../node_modules/.pnpm/typescript@4.9.5/node_modules/typescript": {
      "version": "4.9.5",
      "dev": true,
      "license": "Apache-2.0",
      "bin": {
        "tsc": "bin/tsc",
        "tsserver": "bin/tsserver"
      },
      "devDependencies": {
        "@octokit/rest": "latest",
        "@types/chai": "latest",
        "@types/fancy-log": "^2.0.0",
        "@types/fs-extra": "^9.0.13",
        "@types/glob": "latest",
        "@types/gulp": "^4.0.9",
        "@types/gulp-concat": "latest",
        "@types/gulp-newer": "latest",
        "@types/gulp-rename": "latest",
        "@types/gulp-sourcemaps": "latest",
        "@types/merge2": "latest",
        "@types/microsoft__typescript-etw": "latest",
        "@types/minimist": "latest",
        "@types/mkdirp": "latest",
        "@types/mocha": "latest",
        "@types/ms": "latest",
        "@types/node": "latest",
        "@types/source-map-support": "latest",
        "@types/which": "^2.0.1",
        "@types/xml2js": "^0.4.11",
        "@typescript-eslint/eslint-plugin": "^5.33.1",
        "@typescript-eslint/parser": "^5.33.1",
        "@typescript-eslint/utils": "^5.33.1",
        "azure-devops-node-api": "^11.2.0",
        "chai": "latest",
        "chalk": "^4.1.2",
        "del": "^6.1.1",
        "diff": "^5.1.0",
        "eslint": "^8.22.0",
        "eslint-formatter-autolinkable-stylish": "^1.2.0",
        "eslint-plugin-import": "^2.26.0",
        "eslint-plugin-jsdoc": "^39.3.6",
        "eslint-plugin-local": "^1.0.0",
        "eslint-plugin-no-null": "^1.0.2",
        "fancy-log": "latest",
        "fs-extra": "^9.1.0",
        "glob": "latest",
        "gulp": "^4.0.2",
        "gulp-concat": "latest",
        "gulp-insert": "latest",
        "gulp-newer": "latest",
        "gulp-rename": "latest",
        "gulp-sourcemaps": "latest",
        "merge2": "latest",
        "minimist": "latest",
        "mkdirp": "latest",
        "mocha": "latest",
        "mocha-fivemat-progress-reporter": "latest",
        "ms": "^2.1.3",
        "node-fetch": "^3.2.10",
        "source-map-support": "latest",
        "typescript": "^4.8.4",
        "vinyl": "latest",
        "which": "^2.0.2",
        "xml2js": "^0.4.23"
      },
      "engines": {
        "node": ">=4.2.0"
      }
    },
    "../node_modules/.pnpm/vite@4.1.4_@types+node@20.11.5_terser@5.27.0/node_modules/vite": {
      "version": "4.1.4",
      "extraneous": true,
      "license": "MIT",
      "dependencies": {
        "esbuild": "^0.16.14",
        "postcss": "^8.4.21",
        "resolve": "^1.22.1",
        "rollup": "^3.10.0"
      },
      "bin": {
        "vite": "bin/vite.js"
      },
      "devDependencies": {
        "@ampproject/remapping": "^2.2.0",
        "@babel/parser": "^7.20.13",
        "@babel/types": "^7.20.7",
        "@jridgewell/trace-mapping": "^0.3.17",
        "@rollup/plugin-alias": "^4.0.3",
        "@rollup/plugin-commonjs": "^24.0.1",
        "@rollup/plugin-dynamic-import-vars": "^2.0.3",
        "@rollup/plugin-json": "^6.0.0",
        "@rollup/plugin-node-resolve": "15.0.1",
        "@rollup/plugin-typescript": "^11.0.0",
        "@rollup/pluginutils": "^5.0.2",
        "acorn": "^8.8.2",
        "acorn-walk": "^8.2.0",
        "cac": "^6.7.14",
        "chokidar": "^3.5.3",
        "connect": "^3.7.0",
        "connect-history-api-fallback": "^2.0.0",
        "convert-source-map": "^2.0.0",
        "cors": "^2.8.5",
        "cross-spawn": "^7.0.3",
        "debug": "^4.3.4",
        "dep-types": "link:./src/types",
        "dotenv": "^16.0.3",
        "dotenv-expand": "^9.0.0",
        "es-module-lexer": "^1.1.0",
        "estree-walker": "^3.0.3",
        "etag": "^1.8.1",
        "fast-glob": "^3.2.12",
        "http-proxy": "^1.18.1",
        "json-stable-stringify": "^1.0.2",
        "launch-editor-middleware": "^2.6.0",
        "magic-string": "^0.27.0",
        "micromatch": "^4.0.5",
        "mlly": "^1.1.0",
        "mrmime": "^1.0.1",
        "okie": "^1.0.1",
        "open": "^8.4.0",
        "parse5": "^7.1.2",
        "periscopic": "^3.1.0",
        "picocolors": "^1.0.0",
        "picomatch": "^2.3.1",
        "postcss-import": "^15.1.0",
        "postcss-load-config": "^4.0.1",
        "postcss-modules": "^6.0.0",
        "resolve.exports": "^2.0.0",
        "rollup-plugin-license": "^3.0.1",
        "sirv": "^2.0.2",
        "source-map-js": "^1.0.2",
        "source-map-support": "^0.5.21",
        "strip-ansi": "^7.0.1",
        "strip-literal": "^1.0.1",
        "tsconfck": "^2.0.2",
        "tslib": "^2.5.0",
        "types": "link:./types",
        "ufo": "^1.0.1",
        "ws": "^8.12.0"
      },
      "engines": {
        "node": "^14.18.0 || >=16.0.0"
      },
      "optionalDependencies": {
        "fsevents": "~2.3.2"
      },
      "peerDependencies": {
        "@types/node": ">= 14",
        "less": "*",
        "sass": "*",
        "stylus": "*",
        "sugarss": "*",
        "terser": "^5.4.0"
      },
      "peerDependenciesMeta": {
        "@types/node": {
          "optional": true
        },
        "less": {
          "optional": true
        },
        "sass": {
          "optional": true
        },
        "stylus": {
          "optional": true
        },
        "sugarss": {
          "optional": true
        },
        "terser": {
          "optional": true
        }
      }
    },
    "../node_modules/.pnpm/vue-i18n@9.9.0_vue@3.4.15/node_modules/vue-i18n": {
      "version": "9.9.0",
      "license": "MIT",
      "dependencies": {
        "@intlify/core-base": "9.9.0",
        "@intlify/shared": "9.9.0",
        "@vue/devtools-api": "^6.5.0"
      },
      "devDependencies": {
        "@intlify/devtools-if": "9.9.0",
        "@intlify/vue-devtools": "9.9.0"
      },
      "engines": {
        "node": ">= 16"
      },
      "funding": {
        "url": "https://github.com/sponsors/kazupon"
      },
      "peerDependencies": {
        "vue": "^3.0.0"
      }
    },
    "../node_modules/.pnpm/vue-tsc@1.8.27_typescript@4.9.5/node_modules/vue-tsc": {
      "version": "1.8.27",
      "dev": true,
      "license": "MIT",
      "dependencies": {
        "@volar/typescript": "~1.11.1",
        "@vue/language-core": "1.8.27",
        "semver": "^7.5.4"
      },
      "bin": {
        "vue-tsc": "bin/vue-tsc.js"
      },
      "devDependencies": {
        "@types/node": "latest"
      },
      "peerDependencies": {
        "typescript": "*"
      }
    },
    "../node_modules/.pnpm/vue@3.4.15_typescript@4.9.5/node_modules/vue": {
      "version": "3.4.15",
      "license": "MIT",
      "dependencies": {
        "@vue/compiler-dom": "3.4.15",
        "@vue/compiler-sfc": "3.4.15",
        "@vue/runtime-dom": "3.4.15",
        "@vue/server-renderer": "3.4.15",
        "@vue/shared": "3.4.15"
      },
      "peerDependencies": {
        "typescript": "*"
      },
      "peerDependenciesMeta": {
        "typescript": {
          "optional": true
        }
      }
    },
    "node_modules/@dcloudio/types": {
      "resolved": "../node_modules/.pnpm/@dcloudio+types@3.4.7/node_modules/@dcloudio/types",
      "link": true
    },
    "node_modules/@dcloudio/uni-app": {
      "resolved": "../node_modules/.pnpm/@dcloudio+uni-app@3.0.0-3081220230817001_@dcloudio+types@3.4.7_postcss@8.4.33_vue@3.4.15/node_modules/@dcloudio/uni-app",
      "link": true
    },
    "node_modules/@dcloudio/uni-app-plus": {
      "resolved": "../node_modules/.pnpm/@dcloudio+uni-app-plus@3.0.0-3081220230817001_postcss@8.4.33_vite@4.1.4_vue@3.4.15/node_modules/@dcloudio/uni-app-plus",
      "link": true
    },
    "node_modules/@dcloudio/uni-automator": {
      "resolved": "../node_modules/.pnpm/@dcloudio+uni-automator@3.0.0-3081220230817001_jest-environment-node@27.5.1_jest@27.0.4_postcss@8.4.33_vue@3.4.15/node_modules/@dcloudio/uni-automator",
      "link": true
    },
    "node_modules/@dcloudio/uni-cli-shared": {
      "resolved": "../node_modules/.pnpm/@dcloudio+uni-cli-shared@3.0.0-3081220230817001_postcss@8.4.33_vue@3.4.15/node_modules/@dcloudio/uni-cli-shared",
      "link": true
    },
    "node_modules/@dcloudio/uni-components": {
      "resolved": "../node_modules/.pnpm/@dcloudio+uni-components@3.0.0-3081220230817001_postcss@8.4.33_vue@3.4.15/node_modules/@dcloudio/uni-components",
      "link": true
    },
    "node_modules/@dcloudio/uni-h5": {
      "resolved": "../node_modules/.pnpm/@dcloudio+uni-h5@3.0.0-3081220230817001_postcss@8.4.33_vue@3.4.15/node_modules/@dcloudio/uni-h5",
      "link": true
    },
    "node_modules/@dcloudio/uni-mp-alipay": {
      "resolved": "../node_modules/.pnpm/@dcloudio+uni-mp-alipay@3.0.0-3081220230817001_postcss@8.4.33_vue@3.4.15/node_modules/@dcloudio/uni-mp-alipay",
      "link": true
    },
    "node_modules/@dcloudio/uni-mp-kuaishou": {
      "resolved": "../node_modules/.pnpm/@dcloudio+uni-mp-kuaishou@3.0.0-3081220230817001_postcss@8.4.33_vue@3.4.15/node_modules/@dcloudio/uni-mp-kuaishou",
      "link": true
    },
    "node_modules/@dcloudio/uni-mp-lark": {
      "resolved": "../node_modules/.pnpm/@dcloudio+uni-mp-lark@3.0.0-3081220230817001_postcss@8.4.33_vue@3.4.15/node_modules/@dcloudio/uni-mp-lark",
      "link": true
    },
    "node_modules/@dcloudio/uni-mp-qq": {
      "resolved": "../node_modules/.pnpm/@dcloudio+uni-mp-qq@3.0.0-3081220230817001_postcss@8.4.33_vue@3.4.15/node_modules/@dcloudio/uni-mp-qq",
      "link": true
    },
    "node_modules/@dcloudio/uni-mp-toutiao": {
      "resolved": "../node_modules/.pnpm/@dcloudio+uni-mp-toutiao@3.0.0-3081220230817001_postcss@8.4.33_vue@3.4.15/node_modules/@dcloudio/uni-mp-toutiao",
      "link": true
    },
    "node_modules/@dcloudio/uni-mp-weixin": {
      "resolved": "../node_modules/.pnpm/@dcloudio+uni-mp-weixin@3.0.0-3081220230817001_postcss@8.4.33_vue@3.4.15/node_modules/@dcloudio/uni-mp-weixin",
      "link": true
    },
    "node_modules/@dcloudio/uni-quickapp-webview": {
      "resolved": "../node_modules/.pnpm/@dcloudio+uni-quickapp-webview@3.0.0-3081220230817001_postcss@8.4.33_vue@3.4.15/node_modules/@dcloudio/uni-quickapp-webview",
      "link": true
    },
    "node_modules/@dcloudio/uni-stacktracey": {
      "resolved": "../node_modules/.pnpm/@dcloudio+uni-stacktracey@3.0.0-3081220230817001/node_modules/@dcloudio/uni-stacktracey",
      "link": true
    },
    "node_modules/@dcloudio/vite-plugin-uni": {
      "resolved": "../node_modules/.pnpm/@dcloudio+vite-plugin-uni@3.0.0-3081220230817001_postcss@8.4.33_vite@4.1.4_vue@3.4.15/node_modules/@dcloudio/vite-plugin-uni",
      "link": true
    },
    "node_modules/@esbuild/android-arm": {
      "version": "0.18.20",
      "resolved": "https://registry.npmjs.org/@esbuild/android-arm/-/android-arm-0.18.20.tgz",
      "integrity": "sha512-fyi7TDI/ijKKNZTUJAQqiG5T7YjJXgnzkURqmGj13C6dCqckZBLdl4h7bkhHt/t0WP+zO9/zwroDvANaOqO5Sw==",
      "cpu": [
        "arm"
      ],
      "dev": true,
      "optional": true,
      "os": [
        "android"
      ],
      "engines": {
        "node": ">=12"
      }
    },
    "node_modules/@esbuild/android-arm64": {
      "version": "0.18.20",
      "resolved": "https://registry.npmjs.org/@esbuild/android-arm64/-/android-arm64-0.18.20.tgz",
      "integrity": "sha512-Nz4rJcchGDtENV0eMKUNa6L12zz2zBDXuhj/Vjh18zGqB44Bi7MBMSXjgunJgjRhCmKOjnPuZp4Mb6OKqtMHLQ==",
      "cpu": [
        "arm64"
      ],
      "dev": true,
      "optional": true,
      "os": [
        "android"
      ],
      "engines": {
        "node": ">=12"
      }
    },
    "node_modules/@esbuild/android-x64": {
      "version": "0.18.20",
      "resolved": "https://registry.npmjs.org/@esbuild/android-x64/-/android-x64-0.18.20.tgz",
      "integrity": "sha512-8GDdlePJA8D6zlZYJV/jnrRAi6rOiNaCC/JclcXpB+KIuvfBN4owLtgzY2bsxnx666XjJx2kDPUmnTtR8qKQUg==",
      "cpu": [
        "x64"
      ],
      "dev": true,
      "optional": true,
      "os": [
        "android"
      ],
      "engines": {
        "node": ">=12"
      }
    },
    "node_modules/@esbuild/darwin-arm64": {
      "version": "0.18.20",
      "resolved": "https://registry.npmjs.org/@esbuild/darwin-arm64/-/darwin-arm64-0.18.20.tgz",
      "integrity": "sha512-bxRHW5kHU38zS2lPTPOyuyTm+S+eobPUnTNkdJEfAddYgEcll4xkT8DB9d2008DtTbl7uJag2HuE5NZAZgnNEA==",
      "cpu": [
        "arm64"
      ],
      "dev": true,
      "optional": true,
      "os": [
        "darwin"
      ],
      "engines": {
        "node": ">=12"
      }
    },
    "node_modules/@esbuild/darwin-x64": {
      "version": "0.18.20",
      "resolved": "https://registry.npmjs.org/@esbuild/darwin-x64/-/darwin-x64-0.18.20.tgz",
      "integrity": "sha512-pc5gxlMDxzm513qPGbCbDukOdsGtKhfxD1zJKXjCCcU7ju50O7MeAZ8c4krSJcOIJGFR+qx21yMMVYwiQvyTyQ==",
      "cpu": [
        "x64"
      ],
      "dev": true,
      "optional": true,
      "os": [
        "darwin"
      ],
      "engines": {
        "node": ">=12"
      }
    },
    "node_modules/@esbuild/freebsd-arm64": {
      "version": "0.18.20",
      "resolved": "https://registry.npmjs.org/@esbuild/freebsd-arm64/-/freebsd-arm64-0.18.20.tgz",
      "integrity": "sha512-yqDQHy4QHevpMAaxhhIwYPMv1NECwOvIpGCZkECn8w2WFHXjEwrBn3CeNIYsibZ/iZEUemj++M26W3cNR5h+Tw==",
      "cpu": [
        "arm64"
      ],
      "dev": true,
      "optional": true,
      "os": [
        "freebsd"
      ],
      "engines": {
        "node": ">=12"
      }
    },
    "node_modules/@esbuild/freebsd-x64": {
      "version": "0.18.20",
      "resolved": "https://registry.npmjs.org/@esbuild/freebsd-x64/-/freebsd-x64-0.18.20.tgz",
      "integrity": "sha512-tgWRPPuQsd3RmBZwarGVHZQvtzfEBOreNuxEMKFcd5DaDn2PbBxfwLcj4+aenoh7ctXcbXmOQIn8HI6mCSw5MQ==",
      "cpu": [
        "x64"
      ],
      "dev": true,
      "optional": true,
      "os": [
        "freebsd"
      ],
      "engines": {
        "node": ">=12"
      }
    },
    "node_modules/@esbuild/linux-arm": {
      "version": "0.18.20",
      "resolved": "https://registry.npmjs.org/@esbuild/linux-arm/-/linux-arm-0.18.20.tgz",
      "integrity": "sha512-/5bHkMWnq1EgKr1V+Ybz3s1hWXok7mDFUMQ4cG10AfW3wL02PSZi5kFpYKrptDsgb2WAJIvRcDm+qIvXf/apvg==",
      "cpu": [
        "arm"
      ],
      "dev": true,
      "optional": true,
      "os": [
        "linux"
      ],
      "engines": {
        "node": ">=12"
      }
    },
    "node_modules/@esbuild/linux-arm64": {
      "version": "0.18.20",
      "resolved": "https://registry.npmjs.org/@esbuild/linux-arm64/-/linux-arm64-0.18.20.tgz",
      "integrity": "sha512-2YbscF+UL7SQAVIpnWvYwM+3LskyDmPhe31pE7/aoTMFKKzIc9lLbyGUpmmb8a8AixOL61sQ/mFh3jEjHYFvdA==",
      "cpu": [
        "arm64"
      ],
      "dev": true,
      "optional": true,
      "os": [
        "linux"
      ],
      "engines": {
        "node": ">=12"
      }
    },
    "node_modules/@esbuild/linux-ia32": {
      "version": "0.18.20",
      "resolved": "https://registry.npmjs.org/@esbuild/linux-ia32/-/linux-ia32-0.18.20.tgz",
      "integrity": "sha512-P4etWwq6IsReT0E1KHU40bOnzMHoH73aXp96Fs8TIT6z9Hu8G6+0SHSw9i2isWrD2nbx2qo5yUqACgdfVGx7TA==",
      "cpu": [
        "ia32"
      ],
      "dev": true,
      "optional": true,
      "os": [
        "linux"
      ],
      "engines": {
        "node": ">=12"
      }
    },
    "node_modules/@esbuild/linux-loong64": {
      "version": "0.18.20",
      "resolved": "https://registry.npmjs.org/@esbuild/linux-loong64/-/linux-loong64-0.18.20.tgz",
      "integrity": "sha512-nXW8nqBTrOpDLPgPY9uV+/1DjxoQ7DoB2N8eocyq8I9XuqJ7BiAMDMf9n1xZM9TgW0J8zrquIb/A7s3BJv7rjg==",
      "cpu": [
        "loong64"
      ],
      "dev": true,
      "optional": true,
      "os": [
        "linux"
      ],
      "engines": {
        "node": ">=12"
      }
    },
    "node_modules/@esbuild/linux-mips64el": {
      "version": "0.18.20",
      "resolved": "https://registry.npmjs.org/@esbuild/linux-mips64el/-/linux-mips64el-0.18.20.tgz",
      "integrity": "sha512-d5NeaXZcHp8PzYy5VnXV3VSd2D328Zb+9dEq5HE6bw6+N86JVPExrA6O68OPwobntbNJ0pzCpUFZTo3w0GyetQ==",
      "cpu": [
        "mips64el"
      ],
      "dev": true,
      "optional": true,
      "os": [
        "linux"
      ],
      "engines": {
        "node": ">=12"
      }
    },
    "node_modules/@esbuild/linux-ppc64": {
      "version": "0.18.20",
      "resolved": "https://registry.npmjs.org/@esbuild/linux-ppc64/-/linux-ppc64-0.18.20.tgz",
      "integrity": "sha512-WHPyeScRNcmANnLQkq6AfyXRFr5D6N2sKgkFo2FqguP44Nw2eyDlbTdZwd9GYk98DZG9QItIiTlFLHJHjxP3FA==",
      "cpu": [
        "ppc64"
      ],
      "dev": true,
      "optional": true,
      "os": [
        "linux"
      ],
      "engines": {
        "node": ">=12"
      }
    },
    "node_modules/@esbuild/linux-riscv64": {
      "version": "0.18.20",
      "resolved": "https://registry.npmjs.org/@esbuild/linux-riscv64/-/linux-riscv64-0.18.20.tgz",
      "integrity": "sha512-WSxo6h5ecI5XH34KC7w5veNnKkju3zBRLEQNY7mv5mtBmrP/MjNBCAlsM2u5hDBlS3NGcTQpoBvRzqBcRtpq1A==",
      "cpu": [
        "riscv64"
      ],
      "dev": true,
      "optional": true,
      "os": [
        "linux"
      ],
      "engines": {
        "node": ">=12"
      }
    },
    "node_modules/@esbuild/linux-s390x": {
      "version": "0.18.20",
      "resolved": "https://registry.npmjs.org/@esbuild/linux-s390x/-/linux-s390x-0.18.20.tgz",
      "integrity": "sha512-+8231GMs3mAEth6Ja1iK0a1sQ3ohfcpzpRLH8uuc5/KVDFneH6jtAJLFGafpzpMRO6DzJ6AvXKze9LfFMrIHVQ==",
      "cpu": [
        "s390x"
      ],
      "dev": true,
      "optional": true,
      "os": [
        "linux"
      ],
      "engines": {
        "node": ">=12"
      }
    },
    "node_modules/@esbuild/linux-x64": {
      "version": "0.18.20",
      "resolved": "https://registry.npmjs.org/@esbuild/linux-x64/-/linux-x64-0.18.20.tgz",
      "integrity": "sha512-UYqiqemphJcNsFEskc73jQ7B9jgwjWrSayxawS6UVFZGWrAAtkzjxSqnoclCXxWtfwLdzU+vTpcNYhpn43uP1w==",
      "cpu": [
        "x64"
      ],
      "dev": true,
      "optional": true,
      "os": [
        "linux"
      ],
      "engines": {
        "node": ">=12"
      }
    },
    "node_modules/@esbuild/netbsd-x64": {
      "version": "0.18.20",
      "resolved": "https://registry.npmjs.org/@esbuild/netbsd-x64/-/netbsd-x64-0.18.20.tgz",
      "integrity": "sha512-iO1c++VP6xUBUmltHZoMtCUdPlnPGdBom6IrO4gyKPFFVBKioIImVooR5I83nTew5UOYrk3gIJhbZh8X44y06A==",
      "cpu": [
        "x64"
      ],
      "dev": true,
      "optional": true,
      "os": [
        "netbsd"
      ],
      "engines": {
        "node": ">=12"
      }
    },
    "node_modules/@esbuild/openbsd-x64": {
      "version": "0.18.20",
      "resolved": "https://registry.npmjs.org/@esbuild/openbsd-x64/-/openbsd-x64-0.18.20.tgz",
      "integrity": "sha512-e5e4YSsuQfX4cxcygw/UCPIEP6wbIL+se3sxPdCiMbFLBWu0eiZOJ7WoD+ptCLrmjZBK1Wk7I6D/I3NglUGOxg==",
      "cpu": [
        "x64"
      ],
      "dev": true,
      "optional": true,
      "os": [
        "openbsd"
      ],
      "engines": {
        "node": ">=12"
      }
    },
    "node_modules/@esbuild/sunos-x64": {
      "version": "0.18.20",
      "resolved": "https://registry.npmjs.org/@esbuild/sunos-x64/-/sunos-x64-0.18.20.tgz",
      "integrity": "sha512-kDbFRFp0YpTQVVrqUd5FTYmWo45zGaXe0X8E1G/LKFC0v8x0vWrhOWSLITcCn63lmZIxfOMXtCfti/RxN/0wnQ==",
      "cpu": [
        "x64"
      ],
      "dev": true,
      "optional": true,
      "os": [
        "sunos"
      ],
      "engines": {
        "node": ">=12"
      }
    },
    "node_modules/@esbuild/win32-arm64": {
      "version": "0.18.20",
      "resolved": "https://registry.npmjs.org/@esbuild/win32-arm64/-/win32-arm64-0.18.20.tgz",
      "integrity": "sha512-ddYFR6ItYgoaq4v4JmQQaAI5s7npztfV4Ag6NrhiaW0RrnOXqBkgwZLofVTlq1daVTQNhtI5oieTvkRPfZrePg==",
      "cpu": [
        "arm64"
      ],
      "dev": true,
      "optional": true,
      "os": [
        "win32"
      ],
      "engines": {
        "node": ">=12"
      }
    },
    "node_modules/@esbuild/win32-ia32": {
      "version": "0.18.20",
      "resolved": "https://registry.npmjs.org/@esbuild/win32-ia32/-/win32-ia32-0.18.20.tgz",
      "integrity": "sha512-Wv7QBi3ID/rROT08SABTS7eV4hX26sVduqDOTe1MvGMjNd3EjOz4b7zeexIR62GTIEKrfJXKL9LFxTYgkyeu7g==",
      "cpu": [
        "ia32"
      ],
      "dev": true,
      "optional": true,
      "os": [
        "win32"
      ],
      "engines": {
        "node": ">=12"
      }
    },
    "node_modules/@esbuild/win32-x64": {
      "version": "0.18.20",
      "resolved": "https://registry.npmjs.org/@esbuild/win32-x64/-/win32-x64-0.18.20.tgz",
      "integrity": "sha512-kTdfRcSiDfQca/y9QIkng02avJ+NCaQvrMejlsB3RRv5sE9rRoeBPISaZpKxHELzRxZyLvNts1P27W3wV+8geQ==",
      "cpu": [
        "x64"
      ],
      "dev": true,
      "optional": true,
      "os": [
        "win32"
      ],
      "engines": {
        "node": ">=12"
      }
    },
    "node_modules/@vue/runtime-core": {
      "resolved": "../node_modules/.pnpm/@vue+runtime-core@3.4.15/node_modules/@vue/runtime-core",
      "link": true
    },
    "node_modules/@vue/tsconfig": {
      "resolved": "../node_modules/.pnpm/@vue+tsconfig@0.1.3_@types+node@20.11.5/node_modules/@vue/tsconfig",
      "link": true
    },
    "node_modules/esbuild": {
      "version": "0.18.20",
      "resolved": "https://registry.npmjs.org/esbuild/-/esbuild-0.18.20.tgz",
      "integrity": "sha512-ceqxoedUrcayh7Y7ZX6NdbbDzGROiyVBgC4PriJThBKSVPWnnFHZAkfI1lJT8QFkOwH4qOS2SJkS4wvpGl8BpA==",
      "dev": true,
      "hasInstallScript": true,
      "bin": {
        "esbuild": "bin/esbuild"
      },
      "engines": {
        "node": ">=12"
      },
      "optionalDependencies": {
        "@esbuild/android-arm": "0.18.20",
        "@esbuild/android-arm64": "0.18.20",
        "@esbuild/android-x64": "0.18.20",
        "@esbuild/darwin-arm64": "0.18.20",
        "@esbuild/darwin-x64": "0.18.20",
        "@esbuild/freebsd-arm64": "0.18.20",
        "@esbuild/freebsd-x64": "0.18.20",
        "@esbuild/linux-arm": "0.18.20",
        "@esbuild/linux-arm64": "0.18.20",
        "@esbuild/linux-ia32": "0.18.20",
        "@esbuild/linux-loong64": "0.18.20",
        "@esbuild/linux-mips64el": "0.18.20",
        "@esbuild/linux-ppc64": "0.18.20",
        "@esbuild/linux-riscv64": "0.18.20",
        "@esbuild/linux-s390x": "0.18.20",
        "@esbuild/linux-x64": "0.18.20",
        "@esbuild/netbsd-x64": "0.18.20",
        "@esbuild/openbsd-x64": "0.18.20",
        "@esbuild/sunos-x64": "0.18.20",
        "@esbuild/win32-arm64": "0.18.20",
        "@esbuild/win32-ia32": "0.18.20",
        "@esbuild/win32-x64": "0.18.20"
      }
    },
    "node_modules/fsevents": {
      "version": "2.3.3",
      "resolved": "https://registry.npmjs.org/fsevents/-/fsevents-2.3.3.tgz",
      "integrity": "sha512-5xoDfX+fL7faATnagmWPpbFtwh/R77WmMMqqHGS65C3vvB0YHrgF+B1YmZ3441tMj5n63k0212XNoJwzlhffQw==",
      "dev": true,
      "hasInstallScript": true,
      "optional": true,
      "os": [
        "darwin"
      ],
      "engines": {
        "node": "^8.16.0 || ^10.6.0 || >=11.0.0"
      }
    },
    "node_modules/nanoid": {
      "version": "3.3.7",
      "resolved": "https://registry.npmjs.org/nanoid/-/nanoid-3.3.7.tgz",
      "integrity": "sha512-eSRppjcPIatRIMC1U6UngP8XFcz8MQWGQdt1MTBQ7NaAmvXDfvNxbvWV3x2y6CdEUciCSsDHDQZbhYaB8QEo2g==",
      "dev": true,
      "funding": [
        {
          "type": "github",
          "url": "https://github.com/sponsors/ai"
        }
      ],
      "bin": {
        "nanoid": "bin/nanoid.cjs"
      },
      "engines": {
        "node": "^10 || ^12 || ^13.7 || ^14 || >=15.0.1"
      }
    },
    "node_modules/picocolors": {
      "version": "1.0.0",
      "resolved": "https://registry.npmjs.org/picocolors/-/picocolors-1.0.0.tgz",
      "integrity": "sha512-1fygroTLlHu66zi26VoTDv8yRgm0Fccecssto+MhsZ0D/DGW2sm8E8AjW7NU5VVTRt5GxbeZ5qBuJr+HyLYkjQ==",
      "dev": true
    },
    "node_modules/postcss": {
      "version": "8.4.33",
      "resolved": "https://registry.npmjs.org/postcss/-/postcss-8.4.33.tgz",
      "integrity": "sha512-Kkpbhhdjw2qQs2O2DGX+8m5OVqEcbB9HRBvuYM9pgrjEFUg30A9LmXNlTAUj4S9kgtGyrMbTzVjH7E+s5Re2yg==",
      "dev": true,
      "funding": [
        {
          "type": "opencollective",
          "url": "https://opencollective.com/postcss/"
        },
        {
          "type": "tidelift",
          "url": "https://tidelift.com/funding/github/npm/postcss"
        },
        {
          "type": "github",
          "url": "https://github.com/sponsors/ai"
        }
      ],
      "dependencies": {
        "nanoid": "^3.3.7",
        "picocolors": "^1.0.0",
        "source-map-js": "^1.0.2"
      },
      "engines": {
        "node": "^10 || ^12 || >=14"
      }
    },
    "node_modules/rollup": {
      "version": "3.29.4",
      "resolved": "https://registry.npmjs.org/rollup/-/rollup-3.29.4.tgz",
      "integrity": "sha512-oWzmBZwvYrU0iJHtDmhsm662rC15FRXmcjCk1xD771dFDx5jJ02ufAQQTn0etB2emNk4J9EZg/yWKpsn9BWGRw==",
      "dev": true,
      "bin": {
        "rollup": "dist/bin/rollup"
      },
      "engines": {
        "node": ">=14.18.0",
        "npm": ">=8.0.0"
      },
      "optionalDependencies": {
        "fsevents": "~2.3.2"
      }
    },
    "node_modules/source-map-js": {
      "version": "1.0.2",
      "resolved": "https://registry.npmjs.org/source-map-js/-/source-map-js-1.0.2.tgz",
      "integrity": "sha512-R0XvVJ9WusLiqTCEiGCmICCMplcCkIwwR11mOSD9CR5u+IXYdiseeEuXCVAjS54zqwkLcPNnmU4OeJ6tUrWhDw==",
      "dev": true,
      "engines": {
        "node": ">=0.10.0"
      }
    },
    "node_modules/typescript": {
      "resolved": "../node_modules/.pnpm/typescript@4.9.5/node_modules/typescript",
      "link": true
    },
    "node_modules/vite": {
      "version": "4.5.2",
      "resolved": "https://registry.npmjs.org/vite/-/vite-4.5.2.tgz",
      "integrity": "sha512-tBCZBNSBbHQkaGyhGCDUGqeo2ph8Fstyp6FMSvTtsXeZSPpSMGlviAOav2hxVTqFcx8Hj/twtWKsMJXNY0xI8w==",
      "dev": true,
      "dependencies": {
        "esbuild": "^0.18.10",
        "postcss": "^8.4.27",
        "rollup": "^3.27.1"
      },
      "bin": {
        "vite": "bin/vite.js"
      },
      "engines": {
        "node": "^14.18.0 || >=16.0.0"
      },
      "funding": {
        "url": "https://github.com/vitejs/vite?sponsor=1"
      },
      "optionalDependencies": {
        "fsevents": "~2.3.2"
      },
      "peerDependencies": {
        "@types/node": ">= 14",
        "less": "*",
        "lightningcss": "^1.21.0",
        "sass": "*",
        "stylus": "*",
        "sugarss": "*",
        "terser": "^5.4.0"
      },
      "peerDependenciesMeta": {
        "@types/node": {
          "optional": true
        },
        "less": {
          "optional": true
        },
        "lightningcss": {
          "optional": true
        },
        "sass": {
          "optional": true
        },
        "stylus": {
          "optional": true
        },
        "sugarss": {
          "optional": true
        },
        "terser": {
          "optional": true
        }
      }
    },
    "node_modules/vue": {
      "resolved": "../node_modules/.pnpm/vue@3.4.15_typescript@4.9.5/node_modules/vue",
      "link": true
    },
    "node_modules/vue-i18n": {
      "resolved": "../node_modules/.pnpm/vue-i18n@9.9.0_vue@3.4.15/node_modules/vue-i18n",
      "link": true
    },
    "node_modules/vue-tsc": {
      "resolved": "../node_modules/.pnpm/vue-tsc@1.8.27_typescript@4.9.5/node_modules/vue-tsc",
      "link": true
    }
  }
}
